
Microsoft Visual Studio Solution File, Format Version 12.00
# Visual Studio 2012
Project("{FAE04EC0-301F-11D3-BF4B-00C04F79EFBC}") = "HashtableExample", "HashtableExample\HashtableExample.csproj", "{44183D27-602B-4034-8578-F8EDE7832F52}"
EndProject
Global
	GlobalSection(SolutionConfigurationPlatforms) = preSolution
		Debug|Any CPU = Debug|Any CPU
		Release|Any CPU = Release|Any CPU
	EndGlobalSection
	GlobalSection(ProjectConfigurationPlatforms) = postSolution
		{44183D27-602B-4034-8578-F8EDE7832F52}.Debug|Any CPU.ActiveCfg = Debug|Any CPU
		{44183D27-602B-4034-8578-F8EDE7832F52}.Debug|Any CPU.Build.0 = Debug|Any CPU
		{44183D27-602B-4034-8578-F8EDE7832F52}.Release|Any CPU.ActiveCfg = Release|Any CPU
		{44183D27-602B-4034-8578-F8EDE7832F52}.Release|Any CPU.Build.0 = Release|Any CPU
	EndGlobalSection
EndGlobal
