
Microsoft Visual Studio Solution File, Format Version 12.00
# Visual Studio 15
VisualStudioVersion = 15.0.27428.2002
MinimumVisualStudioVersion = 10.0.40219.1
Project("{FAE04EC0-301F-11D3-BF4B-00C04F79EFBC}") = "Task6", "Task6\Task6.csproj", "{961FE6BF-8F45-4B3F-B142-F32F92224EED}"
EndProject
Global
	GlobalSection(SolutionConfigurationPlatforms) = preSolution
		Debug|Any CPU = Debug|Any CPU
		Release|Any CPU = Release|Any CPU
	EndGlobalSection
	GlobalSection(ProjectConfigurationPlatforms) = postSolution
		{961FE6BF-8F45-4B3F-B142-F32F92224EED}.Debug|Any CPU.ActiveCfg = Debug|Any CPU
		{961FE6BF-8F45-4B3F-B142-F32F92224EED}.Debug|Any CPU.Build.0 = Debug|Any CPU
		{961FE6BF-8F45-4B3F-B142-F32F92224EED}.Release|Any CPU.ActiveCfg = Release|Any CPU
		{961FE6BF-8F45-4B3F-B142-F32F92224EED}.Release|Any CPU.Build.0 = Release|Any CPU
	EndGlobalSection
	GlobalSection(SolutionProperties) = preSolution
		HideSolutionNode = FALSE
	EndGlobalSection
	GlobalSection(ExtensibilityGlobals) = postSolution
		SolutionGuid = {DE75D448-C217-42DC-ABB0-E1C187B5E8BA}
	EndGlobalSection
EndGlobal
