
Microsoft Visual Studio Solution File, Format Version 12.00
# Visual Studio 15
VisualStudioVersion = 15.0.28010.0
MinimumVisualStudioVersion = 10.0.40219.1
Project("{FAE04EC0-301F-11D3-BF4B-00C04F79EFBC}") = "ThreadExample1", "ThreadExample1\ThreadExample1.csproj", "{0BEE370A-E5BC-437C-ACEB-2ED40FAD46C5}"
EndProject
Global
	GlobalSection(SolutionConfigurationPlatforms) = preSolution
		Debug|Any CPU = Debug|Any CPU
		Debug|x64 = Debug|x64
		Release|Any CPU = Release|Any CPU
		Release|x64 = Release|x64
	EndGlobalSection
	GlobalSection(ProjectConfigurationPlatforms) = postSolution
		{0BEE370A-E5BC-437C-ACEB-2ED40FAD46C5}.Debug|Any CPU.ActiveCfg = Debug|Any CPU
		{0BEE370A-E5BC-437C-ACEB-2ED40FAD46C5}.Debug|Any CPU.Build.0 = Debug|Any CPU
		{0BEE370A-E5BC-437C-ACEB-2ED40FAD46C5}.Debug|x64.ActiveCfg = Debug|x64
		{0BEE370A-E5BC-437C-ACEB-2ED40FAD46C5}.Debug|x64.Build.0 = Debug|x64
		{0BEE370A-E5BC-437C-ACEB-2ED40FAD46C5}.Release|Any CPU.ActiveCfg = Release|Any CPU
		{0BEE370A-E5BC-437C-ACEB-2ED40FAD46C5}.Release|Any CPU.Build.0 = Release|Any CPU
		{0BEE370A-E5BC-437C-ACEB-2ED40FAD46C5}.Release|x64.ActiveCfg = Release|x64
		{0BEE370A-E5BC-437C-ACEB-2ED40FAD46C5}.Release|x64.Build.0 = Release|x64
	EndGlobalSection
	GlobalSection(SolutionProperties) = preSolution
		HideSolutionNode = FALSE
	EndGlobalSection
	GlobalSection(ExtensibilityGlobals) = postSolution
		SolutionGuid = {E37E89F9-8BC7-4F82-A8F9-B8A84F67DB97}
	EndGlobalSection
EndGlobal
