
Microsoft Visual Studio Solution File, Format Version 12.00
# Visual Studio 2012
Project("{FAE04EC0-301F-11D3-BF4B-00C04F79EFBC}") = "ExtensionExample", "ExtensionExample\ExtensionExample.csproj", "{A6679206-4205-41C7-965F-EFEE5F3E467C}"
EndProject
Global
	GlobalSection(SolutionConfigurationPlatforms) = preSolution
		Debug|Any CPU = Debug|Any CPU
		Release|Any CPU = Release|Any CPU
	EndGlobalSection
	GlobalSection(ProjectConfigurationPlatforms) = postSolution
		{A6679206-4205-41C7-965F-EFEE5F3E467C}.Debug|Any CPU.ActiveCfg = Debug|Any CPU
		{A6679206-4205-41C7-965F-EFEE5F3E467C}.Debug|Any CPU.Build.0 = Debug|Any CPU
		{A6679206-4205-41C7-965F-EFEE5F3E467C}.Release|Any CPU.ActiveCfg = Release|Any CPU
		{A6679206-4205-41C7-965F-EFEE5F3E467C}.Release|Any CPU.Build.0 = Release|Any CPU
	EndGlobalSection
EndGlobal
