
Microsoft Visual Studio Solution File, Format Version 12.00
# Visual Studio 2012
Project("{FAE04EC0-301F-11D3-BF4B-00C04F79EFBC}") = "FirstSharedApp.Android", "FirstSharedApp.Android\FirstSharedApp.Android.csproj", "{33D24B20-2E42-45ED-B07C-0CB5C80354D7}"
EndProject
Project("{FAE04EC0-301F-11D3-BF4B-00C04F79EFBC}") = "FirstSharedApp.iOS", "FirstSharedApp.iOS\FirstSharedApp.iOS.csproj", "{39208992-B7F6-44BA-A1B0-39663DAED587}"
EndProject
Project("{D954291E-2A0B-460D-934E-DC6B0785DB48}") = "FirstSharedApp", "FirstSharedApp\FirstSharedApp.shproj", "{CFF4C4CD-6DC0-4C28-AC69-18D43C76DA9B}"
EndProject
Project("{FAE04EC0-301F-11D3-BF4B-00C04F79EFBC}") = "NET.Android", "..\..\NetApp\NET.Android\NET.Android.csproj", "{DA08982A-3AF5-47D2-8782-D467827344EB}"
EndProject
Project("{FAE04EC0-301F-11D3-BF4B-00C04F79EFBC}") = "NET.iOS", "..\..\NetApp\NET.iOS\NET.iOS.csproj", "{921CCA8F-2EB0-48A6-8CA2-78B9F0FCD96F}"
EndProject
Project("{FAE04EC0-301F-11D3-BF4B-00C04F79EFBC}") = "NET", "..\..\NetApp\NET\NET.csproj", "{F4A5B4A0-5EAF-4FE2-90D4-33B85ED6A3F8}"
EndProject
Global
	GlobalSection(SolutionConfigurationPlatforms) = preSolution
		Debug|Any CPU = Debug|Any CPU
		Release|Any CPU = Release|Any CPU
		Debug|iPhoneSimulator = Debug|iPhoneSimulator
		Release|iPhoneSimulator = Release|iPhoneSimulator
		Debug|iPhone = Debug|iPhone
		Release|iPhone = Release|iPhone
		Ad-Hoc|iPhone = Ad-Hoc|iPhone
		AppStore|iPhone = AppStore|iPhone
	EndGlobalSection
	GlobalSection(ProjectConfigurationPlatforms) = postSolution
		{33D24B20-2E42-45ED-B07C-0CB5C80354D7}.Debug|Any CPU.ActiveCfg = Debug|Any CPU
		{33D24B20-2E42-45ED-B07C-0CB5C80354D7}.Debug|Any CPU.Build.0 = Debug|Any CPU
		{33D24B20-2E42-45ED-B07C-0CB5C80354D7}.Release|Any CPU.ActiveCfg = Release|Any CPU
		{33D24B20-2E42-45ED-B07C-0CB5C80354D7}.Release|Any CPU.Build.0 = Release|Any CPU
		{33D24B20-2E42-45ED-B07C-0CB5C80354D7}.Debug|iPhoneSimulator.ActiveCfg = Debug|Any CPU
		{33D24B20-2E42-45ED-B07C-0CB5C80354D7}.Debug|iPhoneSimulator.Build.0 = Debug|Any CPU
		{33D24B20-2E42-45ED-B07C-0CB5C80354D7}.Release|iPhoneSimulator.ActiveCfg = Release|Any CPU
		{33D24B20-2E42-45ED-B07C-0CB5C80354D7}.Release|iPhoneSimulator.Build.0 = Release|Any CPU
		{33D24B20-2E42-45ED-B07C-0CB5C80354D7}.Debug|iPhone.ActiveCfg = Debug|Any CPU
		{33D24B20-2E42-45ED-B07C-0CB5C80354D7}.Debug|iPhone.Build.0 = Debug|Any CPU
		{33D24B20-2E42-45ED-B07C-0CB5C80354D7}.Release|iPhone.ActiveCfg = Release|Any CPU
		{33D24B20-2E42-45ED-B07C-0CB5C80354D7}.Release|iPhone.Build.0 = Release|Any CPU
		{33D24B20-2E42-45ED-B07C-0CB5C80354D7}.Ad-Hoc|iPhone.ActiveCfg = Debug|Any CPU
		{33D24B20-2E42-45ED-B07C-0CB5C80354D7}.Ad-Hoc|iPhone.Build.0 = Debug|Any CPU
		{33D24B20-2E42-45ED-B07C-0CB5C80354D7}.AppStore|iPhone.ActiveCfg = Debug|Any CPU
		{33D24B20-2E42-45ED-B07C-0CB5C80354D7}.AppStore|iPhone.Build.0 = Debug|Any CPU
		{39208992-B7F6-44BA-A1B0-39663DAED587}.Debug|Any CPU.ActiveCfg = Debug|iPhoneSimulator
		{39208992-B7F6-44BA-A1B0-39663DAED587}.Debug|Any CPU.Build.0 = Debug|iPhoneSimulator
		{39208992-B7F6-44BA-A1B0-39663DAED587}.Release|Any CPU.ActiveCfg = Release|iPhoneSimulator
		{39208992-B7F6-44BA-A1B0-39663DAED587}.Release|Any CPU.Build.0 = Release|iPhoneSimulator
		{39208992-B7F6-44BA-A1B0-39663DAED587}.Debug|iPhoneSimulator.ActiveCfg = Debug|iPhoneSimulator
		{39208992-B7F6-44BA-A1B0-39663DAED587}.Debug|iPhoneSimulator.Build.0 = Debug|iPhoneSimulator
		{39208992-B7F6-44BA-A1B0-39663DAED587}.Release|iPhoneSimulator.ActiveCfg = Release|iPhoneSimulator
		{39208992-B7F6-44BA-A1B0-39663DAED587}.Release|iPhoneSimulator.Build.0 = Release|iPhoneSimulator
		{39208992-B7F6-44BA-A1B0-39663DAED587}.Debug|iPhone.ActiveCfg = Debug|iPhone
		{39208992-B7F6-44BA-A1B0-39663DAED587}.Debug|iPhone.Build.0 = Debug|iPhone
		{39208992-B7F6-44BA-A1B0-39663DAED587}.Release|iPhone.ActiveCfg = Release|iPhone
		{39208992-B7F6-44BA-A1B0-39663DAED587}.Release|iPhone.Build.0 = Release|iPhone
		{39208992-B7F6-44BA-A1B0-39663DAED587}.Ad-Hoc|iPhone.ActiveCfg = Ad-Hoc|iPhone
		{39208992-B7F6-44BA-A1B0-39663DAED587}.Ad-Hoc|iPhone.Build.0 = Ad-Hoc|iPhone
		{39208992-B7F6-44BA-A1B0-39663DAED587}.AppStore|iPhone.ActiveCfg = AppStore|iPhone
		{39208992-B7F6-44BA-A1B0-39663DAED587}.AppStore|iPhone.Build.0 = AppStore|iPhone
		{DA08982A-3AF5-47D2-8782-D467827344EB}.Debug|Any CPU.ActiveCfg = Debug|Any CPU
		{DA08982A-3AF5-47D2-8782-D467827344EB}.Debug|Any CPU.Build.0 = Debug|Any CPU
		{DA08982A-3AF5-47D2-8782-D467827344EB}.Release|Any CPU.ActiveCfg = Release|Any CPU
		{DA08982A-3AF5-47D2-8782-D467827344EB}.Release|Any CPU.Build.0 = Release|Any CPU
		{DA08982A-3AF5-47D2-8782-D467827344EB}.Debug|iPhoneSimulator.ActiveCfg = Debug|Any CPU
		{DA08982A-3AF5-47D2-8782-D467827344EB}.Debug|iPhoneSimulator.Build.0 = Debug|Any CPU
		{DA08982A-3AF5-47D2-8782-D467827344EB}.Release|iPhoneSimulator.ActiveCfg = Release|Any CPU
		{DA08982A-3AF5-47D2-8782-D467827344EB}.Release|iPhoneSimulator.Build.0 = Release|Any CPU
		{DA08982A-3AF5-47D2-8782-D467827344EB}.Debug|iPhone.ActiveCfg = Debug|Any CPU
		{DA08982A-3AF5-47D2-8782-D467827344EB}.Debug|iPhone.Build.0 = Debug|Any CPU
		{DA08982A-3AF5-47D2-8782-D467827344EB}.Release|iPhone.ActiveCfg = Release|Any CPU
		{DA08982A-3AF5-47D2-8782-D467827344EB}.Release|iPhone.Build.0 = Release|Any CPU
		{DA08982A-3AF5-47D2-8782-D467827344EB}.Ad-Hoc|iPhone.ActiveCfg = Debug|Any CPU
		{DA08982A-3AF5-47D2-8782-D467827344EB}.Ad-Hoc|iPhone.Build.0 = Debug|Any CPU
		{DA08982A-3AF5-47D2-8782-D467827344EB}.AppStore|iPhone.ActiveCfg = Debug|Any CPU
		{DA08982A-3AF5-47D2-8782-D467827344EB}.AppStore|iPhone.Build.0 = Debug|Any CPU
		{921CCA8F-2EB0-48A6-8CA2-78B9F0FCD96F}.Debug|Any CPU.ActiveCfg = Debug|iPhoneSimulator
		{921CCA8F-2EB0-48A6-8CA2-78B9F0FCD96F}.Debug|Any CPU.Build.0 = Debug|iPhoneSimulator
		{921CCA8F-2EB0-48A6-8CA2-78B9F0FCD96F}.Release|Any CPU.ActiveCfg = Release|iPhoneSimulator
		{921CCA8F-2EB0-48A6-8CA2-78B9F0FCD96F}.Release|Any CPU.Build.0 = Release|iPhoneSimulator
		{921CCA8F-2EB0-48A6-8CA2-78B9F0FCD96F}.Debug|iPhoneSimulator.ActiveCfg = Debug|iPhoneSimulator
		{921CCA8F-2EB0-48A6-8CA2-78B9F0FCD96F}.Debug|iPhoneSimulator.Build.0 = Debug|iPhoneSimulator
		{921CCA8F-2EB0-48A6-8CA2-78B9F0FCD96F}.Release|iPhoneSimulator.ActiveCfg = Release|iPhoneSimulator
		{921CCA8F-2EB0-48A6-8CA2-78B9F0FCD96F}.Release|iPhoneSimulator.Build.0 = Release|iPhoneSimulator
		{921CCA8F-2EB0-48A6-8CA2-78B9F0FCD96F}.Debug|iPhone.ActiveCfg = Debug|iPhone
		{921CCA8F-2EB0-48A6-8CA2-78B9F0FCD96F}.Debug|iPhone.Build.0 = Debug|iPhone
		{921CCA8F-2EB0-48A6-8CA2-78B9F0FCD96F}.Release|iPhone.ActiveCfg = Release|iPhone
		{921CCA8F-2EB0-48A6-8CA2-78B9F0FCD96F}.Release|iPhone.Build.0 = Release|iPhone
		{921CCA8F-2EB0-48A6-8CA2-78B9F0FCD96F}.Ad-Hoc|iPhone.ActiveCfg = Ad-Hoc|iPhone
		{921CCA8F-2EB0-48A6-8CA2-78B9F0FCD96F}.Ad-Hoc|iPhone.Build.0 = Ad-Hoc|iPhone
		{921CCA8F-2EB0-48A6-8CA2-78B9F0FCD96F}.AppStore|iPhone.ActiveCfg = AppStore|iPhone
		{921CCA8F-2EB0-48A6-8CA2-78B9F0FCD96F}.AppStore|iPhone.Build.0 = AppStore|iPhone
		{F4A5B4A0-5EAF-4FE2-90D4-33B85ED6A3F8}.Debug|Any CPU.ActiveCfg = Debug|Any CPU
		{F4A5B4A0-5EAF-4FE2-90D4-33B85ED6A3F8}.Debug|Any CPU.Build.0 = Debug|Any CPU
		{F4A5B4A0-5EAF-4FE2-90D4-33B85ED6A3F8}.Release|Any CPU.ActiveCfg = Release|Any CPU
		{F4A5B4A0-5EAF-4FE2-90D4-33B85ED6A3F8}.Release|Any CPU.Build.0 = Release|Any CPU
		{F4A5B4A0-5EAF-4FE2-90D4-33B85ED6A3F8}.Debug|iPhoneSimulator.ActiveCfg = Debug|Any CPU
		{F4A5B4A0-5EAF-4FE2-90D4-33B85ED6A3F8}.Debug|iPhoneSimulator.Build.0 = Debug|Any CPU
		{F4A5B4A0-5EAF-4FE2-90D4-33B85ED6A3F8}.Release|iPhoneSimulator.ActiveCfg = Release|Any CPU
		{F4A5B4A0-5EAF-4FE2-90D4-33B85ED6A3F8}.Release|iPhoneSimulator.Build.0 = Release|Any CPU
		{F4A5B4A0-5EAF-4FE2-90D4-33B85ED6A3F8}.Debug|iPhone.ActiveCfg = Debug|Any CPU
		{F4A5B4A0-5EAF-4FE2-90D4-33B85ED6A3F8}.Debug|iPhone.Build.0 = Debug|Any CPU
		{F4A5B4A0-5EAF-4FE2-90D4-33B85ED6A3F8}.Release|iPhone.ActiveCfg = Release|Any CPU
		{F4A5B4A0-5EAF-4FE2-90D4-33B85ED6A3F8}.Release|iPhone.Build.0 = Release|Any CPU
		{F4A5B4A0-5EAF-4FE2-90D4-33B85ED6A3F8}.Ad-Hoc|iPhone.ActiveCfg = Debug|Any CPU
		{F4A5B4A0-5EAF-4FE2-90D4-33B85ED6A3F8}.Ad-Hoc|iPhone.Build.0 = Debug|Any CPU
		{F4A5B4A0-5EAF-4FE2-90D4-33B85ED6A3F8}.AppStore|iPhone.ActiveCfg = Debug|Any CPU
		{F4A5B4A0-5EAF-4FE2-90D4-33B85ED6A3F8}.AppStore|iPhone.Build.0 = Debug|Any CPU
	EndGlobalSection
EndGlobal
