
Microsoft Visual Studio Solution File, Format Version 12.00
# Visual Studio 15
VisualStudioVersion = 15.0.27428.2002
MinimumVisualStudioVersion = 10.0.40219.1
Project("{FAE04EC0-301F-11D3-BF4B-00C04F79EFBC}") = "Test", "Test\Test.csproj", "{655ACD28-E4DC-4991-9BC4-7085CEA7BEEA}"
EndProject
Project("{FAE04EC0-301F-11D3-BF4B-00C04F79EFBC}") = "TestTests", "TestTests\TestTests.csproj", "{AB49D8E9-F731-494E-B080-7BDB35DB4C21}"
EndProject
Global
	GlobalSection(SolutionConfigurationPlatforms) = preSolution
		Debug|Any CPU = Debug|Any CPU
		Release|Any CPU = Release|Any CPU
	EndGlobalSection
	GlobalSection(ProjectConfigurationPlatforms) = postSolution
		{655ACD28-E4DC-4991-9BC4-7085CEA7BEEA}.Debug|Any CPU.ActiveCfg = Debug|Any CPU
		{655ACD28-E4DC-4991-9BC4-7085CEA7BEEA}.Debug|Any CPU.Build.0 = Debug|Any CPU
		{655ACD28-E4DC-4991-9BC4-7085CEA7BEEA}.Release|Any CPU.ActiveCfg = Release|Any CPU
		{655ACD28-E4DC-4991-9BC4-7085CEA7BEEA}.Release|Any CPU.Build.0 = Release|Any CPU
		{AB49D8E9-F731-494E-B080-7BDB35DB4C21}.Debug|Any CPU.ActiveCfg = Debug|Any CPU
		{AB49D8E9-F731-494E-B080-7BDB35DB4C21}.Debug|Any CPU.Build.0 = Debug|Any CPU
		{AB49D8E9-F731-494E-B080-7BDB35DB4C21}.Release|Any CPU.ActiveCfg = Release|Any CPU
		{AB49D8E9-F731-494E-B080-7BDB35DB4C21}.Release|Any CPU.Build.0 = Release|Any CPU
	EndGlobalSection
	GlobalSection(SolutionProperties) = preSolution
		HideSolutionNode = FALSE
	EndGlobalSection
	GlobalSection(ExtensibilityGlobals) = postSolution
		SolutionGuid = {0316AE6E-71DA-4C5A-B423-9D6ADB4D37D9}
	EndGlobalSection
EndGlobal
