
Microsoft Visual Studio Solution File, Format Version 12.00
# Visual Studio 2012
Project("{FAE04EC0-301F-11D3-BF4B-00C04F79EFBC}") = "InterfaceExample", "InterfaceExample\InterfaceExample.csproj", "{7A02842C-CD33-4DD7-939F-913A921C5D55}"
EndProject
Global
	GlobalSection(SolutionConfigurationPlatforms) = preSolution
		Debug|Any CPU = Debug|Any CPU
		Release|Any CPU = Release|Any CPU
	EndGlobalSection
	GlobalSection(ProjectConfigurationPlatforms) = postSolution
		{7A02842C-CD33-4DD7-939F-913A921C5D55}.Debug|Any CPU.ActiveCfg = Debug|Any CPU
		{7A02842C-CD33-4DD7-939F-913A921C5D55}.Debug|Any CPU.Build.0 = Debug|Any CPU
		{7A02842C-CD33-4DD7-939F-913A921C5D55}.Release|Any CPU.ActiveCfg = Release|Any CPU
		{7A02842C-CD33-4DD7-939F-913A921C5D55}.Release|Any CPU.Build.0 = Release|Any CPU
	EndGlobalSection
EndGlobal
