
Microsoft Visual Studio Solution File, Format Version 12.00
# Visual Studio 15
VisualStudioVersion = 15.0.28010.0
MinimumVisualStudioVersion = 10.0.40219.1
Project("{FAE04EC0-301F-11D3-BF4B-00C04F79EFBC}") = "WindowsFormsGraphicsExample", "WindowsFormsGraphicsExample\WindowsFormsGraphicsExample.csproj", "{F5648F24-5930-4391-957F-38F4B08CBDE8}"
EndProject
Global
	GlobalSection(SolutionConfigurationPlatforms) = preSolution
		Debug|Any CPU = Debug|Any CPU
		Release|Any CPU = Release|Any CPU
	EndGlobalSection
	GlobalSection(ProjectConfigurationPlatforms) = postSolution
		{F5648F24-5930-4391-957F-38F4B08CBDE8}.Debug|Any CPU.ActiveCfg = Debug|Any CPU
		{F5648F24-5930-4391-957F-38F4B08CBDE8}.Debug|Any CPU.Build.0 = Debug|Any CPU
		{F5648F24-5930-4391-957F-38F4B08CBDE8}.Release|Any CPU.ActiveCfg = Release|Any CPU
		{F5648F24-5930-4391-957F-38F4B08CBDE8}.Release|Any CPU.Build.0 = Release|Any CPU
	EndGlobalSection
	GlobalSection(SolutionProperties) = preSolution
		HideSolutionNode = FALSE
	EndGlobalSection
	GlobalSection(ExtensibilityGlobals) = postSolution
		SolutionGuid = {F089ACEB-EDCD-492D-8BE5-ADC207AF4D31}
	EndGlobalSection
EndGlobal
