
Microsoft Visual Studio Solution File, Format Version 12.00
# Visual Studio 15
Project("{FAE04EC0-301F-11D3-BF4B-00C04F79EFBC}") = "VirtualExample", "VirtualExample\VirtualExample.csproj", "{5EDF152E-D42F-4F63-BBC0-DC07F53460CF}"
EndProject
Global
	GlobalSection(SolutionConfigurationPlatforms) = preSolution
		Debug|Any CPU = Debug|Any CPU
		Release|Any CPU = Release|Any CPU
	EndGlobalSection
	GlobalSection(ProjectConfigurationPlatforms) = postSolution
		{5EDF152E-D42F-4F63-BBC0-DC07F53460CF}.Debug|Any CPU.ActiveCfg = Debug|Any CPU
		{5EDF152E-D42F-4F63-BBC0-DC07F53460CF}.Debug|Any CPU.Build.0 = Debug|Any CPU
		{5EDF152E-D42F-4F63-BBC0-DC07F53460CF}.Release|Any CPU.ActiveCfg = Release|Any CPU
		{5EDF152E-D42F-4F63-BBC0-DC07F53460CF}.Release|Any CPU.Build.0 = Release|Any CPU
	EndGlobalSection
EndGlobal
