
Microsoft Visual Studio Solution File, Format Version 12.00
# Visual Studio 2012
Project("{FAE04EC0-301F-11D3-BF4B-00C04F79EFBC}") = "GenericClassExample", "GenericClassExample\GenericClassExample.csproj", "{36E8108D-8D4C-4816-AC1D-4D9D47F137C2}"
EndProject
Global
	GlobalSection(SolutionConfigurationPlatforms) = preSolution
		Debug|Any CPU = Debug|Any CPU
		Release|Any CPU = Release|Any CPU
	EndGlobalSection
	GlobalSection(ProjectConfigurationPlatforms) = postSolution
		{36E8108D-8D4C-4816-AC1D-4D9D47F137C2}.Debug|Any CPU.ActiveCfg = Debug|Any CPU
		{36E8108D-8D4C-4816-AC1D-4D9D47F137C2}.Debug|Any CPU.Build.0 = Debug|Any CPU
		{36E8108D-8D4C-4816-AC1D-4D9D47F137C2}.Release|Any CPU.ActiveCfg = Release|Any CPU
		{36E8108D-8D4C-4816-AC1D-4D9D47F137C2}.Release|Any CPU.Build.0 = Release|Any CPU
	EndGlobalSection
EndGlobal
