
Microsoft Visual Studio Solution File, Format Version 12.00
# Visual Studio 15
VisualStudioVersion = 15.0.28010.2036
MinimumVisualStudioVersion = 10.0.40219.1
Project("{FAE04EC0-301F-11D3-BF4B-00C04F79EFBC}") = "Project3", "Project3\Project3.csproj", "{EAAE5DFB-5C29-4113-9C02-3DFF94AB0C9A}"
EndProject
Global
	GlobalSection(SolutionConfigurationPlatforms) = preSolution
		Debug|Any CPU = Debug|Any CPU
		Release|Any CPU = Release|Any CPU
	EndGlobalSection
	GlobalSection(ProjectConfigurationPlatforms) = postSolution
		{EAAE5DFB-5C29-4113-9C02-3DFF94AB0C9A}.Debug|Any CPU.ActiveCfg = Debug|Any CPU
		{EAAE5DFB-5C29-4113-9C02-3DFF94AB0C9A}.Debug|Any CPU.Build.0 = Debug|Any CPU
		{EAAE5DFB-5C29-4113-9C02-3DFF94AB0C9A}.Release|Any CPU.ActiveCfg = Release|Any CPU
		{EAAE5DFB-5C29-4113-9C02-3DFF94AB0C9A}.Release|Any CPU.Build.0 = Release|Any CPU
	EndGlobalSection
	GlobalSection(SolutionProperties) = preSolution
		HideSolutionNode = FALSE
	EndGlobalSection
	GlobalSection(ExtensibilityGlobals) = postSolution
		SolutionGuid = {1A480278-75EE-4273-B041-ECC044E560C6}
	EndGlobalSection
EndGlobal
