
Microsoft Visual Studio Solution File, Format Version 12.00
# Visual Studio 15
VisualStudioVersion = 15.0.28010.0
MinimumVisualStudioVersion = 10.0.40219.1
Project("{FAE04EC0-301F-11D3-BF4B-00C04F79EFBC}") = "MenuDialogExample", "MenuDialogExample\MenuDialogExample.csproj", "{FBB8DD16-FBDB-49A4-917A-6F61F96C85F9}"
EndProject
Global
	GlobalSection(SolutionConfigurationPlatforms) = preSolution
		Debug|Any CPU = Debug|Any CPU
		Release|Any CPU = Release|Any CPU
	EndGlobalSection
	GlobalSection(ProjectConfigurationPlatforms) = postSolution
		{FBB8DD16-FBDB-49A4-917A-6F61F96C85F9}.Debug|Any CPU.ActiveCfg = Debug|Any CPU
		{FBB8DD16-FBDB-49A4-917A-6F61F96C85F9}.Debug|Any CPU.Build.0 = Debug|Any CPU
		{FBB8DD16-FBDB-49A4-917A-6F61F96C85F9}.Release|Any CPU.ActiveCfg = Release|Any CPU
		{FBB8DD16-FBDB-49A4-917A-6F61F96C85F9}.Release|Any CPU.Build.0 = Release|Any CPU
	EndGlobalSection
	GlobalSection(SolutionProperties) = preSolution
		HideSolutionNode = FALSE
	EndGlobalSection
	GlobalSection(ExtensibilityGlobals) = postSolution
		SolutionGuid = {5D2FE680-3F8F-4D20-922A-7E8092EA5EA1}
	EndGlobalSection
EndGlobal
