
Microsoft Visual Studio Solution File, Format Version 11.00
# Visual Studio 2010
Project("{FAE04EC0-301F-11D3-BF4B-00C04F79EFBC}") = "SwitchTestHarness", "TestClient\SwitchTestHarness.csproj", "{9780ABBD-99F5-4A39-8956-9F7B29069182}"
EndProject
Project("{FAE04EC0-301F-11D3-BF4B-00C04F79EFBC}") = "SwitchDevice", "SwitchDevice\SwitchDevice.csproj", "{EA177642-2ED2-44A4-8FC8-E537B6F0664B}"
EndProject
Global
	GlobalSection(TestCaseManagementSettings) = postSolution
		CategoryFile = Lab 4.vsmdi
	EndGlobalSection
	GlobalSection(SolutionConfigurationPlatforms) = preSolution
		Debug|Any CPU = Debug|Any CPU
		Debug|Mixed Platforms = Debug|Mixed Platforms
		Debug|x86 = Debug|x86
		Release|Any CPU = Release|Any CPU
		Release|Mixed Platforms = Release|Mixed Platforms
		Release|x86 = Release|x86
	EndGlobalSection
	GlobalSection(ProjectConfigurationPlatforms) = postSolution
		{9780ABBD-99F5-4A39-8956-9F7B29069182}.Debug|Any CPU.ActiveCfg = Debug|x86
		{9780ABBD-99F5-4A39-8956-9F7B29069182}.Debug|Mixed Platforms.ActiveCfg = Debug|x86
		{9780ABBD-99F5-4A39-8956-9F7B29069182}.Debug|Mixed Platforms.Build.0 = Debug|x86
		{9780ABBD-99F5-4A39-8956-9F7B29069182}.Debug|x86.ActiveCfg = Debug|x86
		{9780ABBD-99F5-4A39-8956-9F7B29069182}.Debug|x86.Build.0 = Debug|x86
		{9780ABBD-99F5-4A39-8956-9F7B29069182}.Release|Any CPU.ActiveCfg = Release|x86
		{9780ABBD-99F5-4A39-8956-9F7B29069182}.Release|Mixed Platforms.ActiveCfg = Release|x86
		{9780ABBD-99F5-4A39-8956-9F7B29069182}.Release|Mixed Platforms.Build.0 = Release|x86
		{9780ABBD-99F5-4A39-8956-9F7B29069182}.Release|x86.ActiveCfg = Release|x86
		{9780ABBD-99F5-4A39-8956-9F7B29069182}.Release|x86.Build.0 = Release|x86
		{EA177642-2ED2-44A4-8FC8-E537B6F0664B}.Debug|Any CPU.ActiveCfg = Debug|Any CPU
		{EA177642-2ED2-44A4-8FC8-E537B6F0664B}.Debug|Any CPU.Build.0 = Debug|Any CPU
		{EA177642-2ED2-44A4-8FC8-E537B6F0664B}.Debug|Mixed Platforms.ActiveCfg = Debug|Any CPU
		{EA177642-2ED2-44A4-8FC8-E537B6F0664B}.Debug|Mixed Platforms.Build.0 = Debug|Any CPU
		{EA177642-2ED2-44A4-8FC8-E537B6F0664B}.Debug|x86.ActiveCfg = Debug|Any CPU
		{EA177642-2ED2-44A4-8FC8-E537B6F0664B}.Release|Any CPU.ActiveCfg = Release|Any CPU
		{EA177642-2ED2-44A4-8FC8-E537B6F0664B}.Release|Any CPU.Build.0 = Release|Any CPU
		{EA177642-2ED2-44A4-8FC8-E537B6F0664B}.Release|Mixed Platforms.ActiveCfg = Release|Any CPU
		{EA177642-2ED2-44A4-8FC8-E537B6F0664B}.Release|Mixed Platforms.Build.0 = Release|Any CPU
		{EA177642-2ED2-44A4-8FC8-E537B6F0664B}.Release|x86.ActiveCfg = Release|Any CPU
	EndGlobalSection
	GlobalSection(SolutionProperties) = preSolution
		HideSolutionNode = FALSE
	EndGlobalSection
EndGlobal
