
Microsoft Visual Studio Solution File, Format Version 12.00
# Visual Studio 15
VisualStudioVersion = 15.0.28010.2036
MinimumVisualStudioVersion = 10.0.40219.1
Project("{FAE04EC0-301F-11D3-BF4B-00C04F79EFBC}") = "Project7", "Project7\Project7.csproj", "{187DDF9D-DA23-4174-BD91-11A76485FF4A}"
EndProject
Global
	GlobalSection(SolutionConfigurationPlatforms) = preSolution
		Debug|Any CPU = Debug|Any CPU
		Release|Any CPU = Release|Any CPU
	EndGlobalSection
	GlobalSection(ProjectConfigurationPlatforms) = postSolution
		{187DDF9D-DA23-4174-BD91-11A76485FF4A}.Debug|Any CPU.ActiveCfg = Debug|Any CPU
		{187DDF9D-DA23-4174-BD91-11A76485FF4A}.Debug|Any CPU.Build.0 = Debug|Any CPU
		{187DDF9D-DA23-4174-BD91-11A76485FF4A}.Release|Any CPU.ActiveCfg = Release|Any CPU
		{187DDF9D-DA23-4174-BD91-11A76485FF4A}.Release|Any CPU.Build.0 = Release|Any CPU
	EndGlobalSection
	GlobalSection(SolutionProperties) = preSolution
		HideSolutionNode = FALSE
	EndGlobalSection
	GlobalSection(ExtensibilityGlobals) = postSolution
		SolutionGuid = {EBCE0B84-6932-4CA4-9998-81871C557F49}
	EndGlobalSection
EndGlobal
