
Microsoft Visual Studio Solution File, Format Version 12.00
# Visual Studio 15
VisualStudioVersion = 15.0.27703.2026
MinimumVisualStudioVersion = 10.0.40219.1
Project("{9A19103F-16F7-4668-BE54-9A1E7A4F7556}") = "DelegateApp1", "ConsoleApp1\DelegateApp1.csproj", "{8DBC8CAE-4186-43DB-8147-86C37377493F}"
EndProject
Global
	GlobalSection(SolutionConfigurationPlatforms) = preSolution
		Debug|Any CPU = Debug|Any CPU
		Release|Any CPU = Release|Any CPU
	EndGlobalSection
	GlobalSection(ProjectConfigurationPlatforms) = postSolution
		{8DBC8CAE-4186-43DB-8147-86C37377493F}.Debug|Any CPU.ActiveCfg = Debug|Any CPU
		{8DBC8CAE-4186-43DB-8147-86C37377493F}.Debug|Any CPU.Build.0 = Debug|Any CPU
		{8DBC8CAE-4186-43DB-8147-86C37377493F}.Release|Any CPU.ActiveCfg = Release|Any CPU
		{8DBC8CAE-4186-43DB-8147-86C37377493F}.Release|Any CPU.Build.0 = Release|Any CPU
	EndGlobalSection
	GlobalSection(SolutionProperties) = preSolution
		HideSolutionNode = FALSE
	EndGlobalSection
	GlobalSection(ExtensibilityGlobals) = postSolution
		SolutionGuid = {3E32C1F9-C79A-4624-B548-85372A4BE700}
	EndGlobalSection
EndGlobal
