
Microsoft Visual Studio Solution File, Format Version 12.00
# Visual Studio 2012
Project("{FAE04EC0-301F-11D3-BF4B-00C04F79EFBC}") = "FirstApp", "FirstApp\FirstApp.csproj", "{54606EC9-E41F-4140-BEBE-D4DB145B2A5F}"
EndProject
Project("{FAE04EC0-301F-11D3-BF4B-00C04F79EFBC}") = "FirstApp.Droid", "Droid\FirstApp.Droid.csproj", "{AE8BCAD3-9FAA-44BB-9825-585245812140}"
EndProject
Project("{FAE04EC0-301F-11D3-BF4B-00C04F79EFBC}") = "FirstApp.iOS", "iOS\FirstApp.iOS.csproj", "{BB7C28E5-80AA-46B2-BD99-12C14257C140}"
EndProject
Global
	GlobalSection(SolutionConfigurationPlatforms) = preSolution
		Debug|Any CPU = Debug|Any CPU
		Release|Any CPU = Release|Any CPU
		Debug|iPhoneSimulator = Debug|iPhoneSimulator
		Release|iPhone = Release|iPhone
		Release|iPhoneSimulator = Release|iPhoneSimulator
		Debug|iPhone = Debug|iPhone
	EndGlobalSection
	GlobalSection(ProjectConfigurationPlatforms) = postSolution
		{54606EC9-E41F-4140-BEBE-D4DB145B2A5F}.Debug|Any CPU.ActiveCfg = Debug|Any CPU
		{54606EC9-E41F-4140-BEBE-D4DB145B2A5F}.Debug|Any CPU.Build.0 = Debug|Any CPU
		{54606EC9-E41F-4140-BEBE-D4DB145B2A5F}.Release|Any CPU.ActiveCfg = Release|Any CPU
		{54606EC9-E41F-4140-BEBE-D4DB145B2A5F}.Release|Any CPU.Build.0 = Release|Any CPU
		{54606EC9-E41F-4140-BEBE-D4DB145B2A5F}.Debug|iPhoneSimulator.ActiveCfg = Debug|Any CPU
		{54606EC9-E41F-4140-BEBE-D4DB145B2A5F}.Debug|iPhoneSimulator.Build.0 = Debug|Any CPU
		{54606EC9-E41F-4140-BEBE-D4DB145B2A5F}.Release|iPhone.ActiveCfg = Release|Any CPU
		{54606EC9-E41F-4140-BEBE-D4DB145B2A5F}.Release|iPhone.Build.0 = Release|Any CPU
		{54606EC9-E41F-4140-BEBE-D4DB145B2A5F}.Release|iPhoneSimulator.ActiveCfg = Release|Any CPU
		{54606EC9-E41F-4140-BEBE-D4DB145B2A5F}.Release|iPhoneSimulator.Build.0 = Release|Any CPU
		{54606EC9-E41F-4140-BEBE-D4DB145B2A5F}.Debug|iPhone.ActiveCfg = Debug|Any CPU
		{54606EC9-E41F-4140-BEBE-D4DB145B2A5F}.Debug|iPhone.Build.0 = Debug|Any CPU
		{AE8BCAD3-9FAA-44BB-9825-585245812140}.Debug|Any CPU.ActiveCfg = Debug|Any CPU
		{AE8BCAD3-9FAA-44BB-9825-585245812140}.Debug|Any CPU.Build.0 = Debug|Any CPU
		{AE8BCAD3-9FAA-44BB-9825-585245812140}.Release|Any CPU.ActiveCfg = Release|Any CPU
		{AE8BCAD3-9FAA-44BB-9825-585245812140}.Release|Any CPU.Build.0 = Release|Any CPU
		{AE8BCAD3-9FAA-44BB-9825-585245812140}.Debug|iPhoneSimulator.ActiveCfg = Debug|Any CPU
		{AE8BCAD3-9FAA-44BB-9825-585245812140}.Debug|iPhoneSimulator.Build.0 = Debug|Any CPU
		{AE8BCAD3-9FAA-44BB-9825-585245812140}.Release|iPhone.ActiveCfg = Release|Any CPU
		{AE8BCAD3-9FAA-44BB-9825-585245812140}.Release|iPhone.Build.0 = Release|Any CPU
		{AE8BCAD3-9FAA-44BB-9825-585245812140}.Release|iPhoneSimulator.ActiveCfg = Release|Any CPU
		{AE8BCAD3-9FAA-44BB-9825-585245812140}.Release|iPhoneSimulator.Build.0 = Release|Any CPU
		{AE8BCAD3-9FAA-44BB-9825-585245812140}.Debug|iPhone.ActiveCfg = Debug|Any CPU
		{AE8BCAD3-9FAA-44BB-9825-585245812140}.Debug|iPhone.Build.0 = Debug|Any CPU
		{BB7C28E5-80AA-46B2-BD99-12C14257C140}.Debug|Any CPU.ActiveCfg = Debug|iPhoneSimulator
		{BB7C28E5-80AA-46B2-BD99-12C14257C140}.Debug|Any CPU.Build.0 = Debug|iPhoneSimulator
		{BB7C28E5-80AA-46B2-BD99-12C14257C140}.Release|Any CPU.ActiveCfg = Release|iPhone
		{BB7C28E5-80AA-46B2-BD99-12C14257C140}.Release|Any CPU.Build.0 = Release|iPhone
		{BB7C28E5-80AA-46B2-BD99-12C14257C140}.Debug|iPhoneSimulator.ActiveCfg = Debug|iPhoneSimulator
		{BB7C28E5-80AA-46B2-BD99-12C14257C140}.Debug|iPhoneSimulator.Build.0 = Debug|iPhoneSimulator
		{BB7C28E5-80AA-46B2-BD99-12C14257C140}.Release|iPhone.ActiveCfg = Release|iPhone
		{BB7C28E5-80AA-46B2-BD99-12C14257C140}.Release|iPhone.Build.0 = Release|iPhone
		{BB7C28E5-80AA-46B2-BD99-12C14257C140}.Release|iPhoneSimulator.ActiveCfg = Release|iPhoneSimulator
		{BB7C28E5-80AA-46B2-BD99-12C14257C140}.Release|iPhoneSimulator.Build.0 = Release|iPhoneSimulator
		{BB7C28E5-80AA-46B2-BD99-12C14257C140}.Debug|iPhone.ActiveCfg = Debug|iPhone
		{BB7C28E5-80AA-46B2-BD99-12C14257C140}.Debug|iPhone.Build.0 = Debug|iPhone
	EndGlobalSection
EndGlobal
