
Microsoft Visual Studio Solution File, Format Version 12.00
# Visual Studio 15
Project("{FAE04EC0-301F-11D3-BF4B-00C04F79EFBC}") = "HashTableExmaple", "HashTableExmaple\HashTableExmaple.csproj", "{F274476C-8BD6-4FF9-B276-1BF1D29A1B52}"
EndProject
Global
	GlobalSection(SolutionConfigurationPlatforms) = preSolution
		Debug|Any CPU = Debug|Any CPU
		Release|Any CPU = Release|Any CPU
	EndGlobalSection
	GlobalSection(ProjectConfigurationPlatforms) = postSolution
		{F274476C-8BD6-4FF9-B276-1BF1D29A1B52}.Debug|Any CPU.ActiveCfg = Debug|Any CPU
		{F274476C-8BD6-4FF9-B276-1BF1D29A1B52}.Debug|Any CPU.Build.0 = Debug|Any CPU
		{F274476C-8BD6-4FF9-B276-1BF1D29A1B52}.Release|Any CPU.ActiveCfg = Release|Any CPU
		{F274476C-8BD6-4FF9-B276-1BF1D29A1B52}.Release|Any CPU.Build.0 = Release|Any CPU
	EndGlobalSection
EndGlobal
