
Microsoft Visual Studio Solution File, Format Version 12.00
# Visual Studio 15
VisualStudioVersion = 15.0.28010.2019
MinimumVisualStudioVersion = 10.0.40219.1
Project("{FAE04EC0-301F-11D3-BF4B-00C04F79EFBC}") = "Project3", "Project3\Project3.csproj", "{88809936-51B2-4BAC-A65F-83AED421227B}"
EndProject
Global
	GlobalSection(SolutionConfigurationPlatforms) = preSolution
		Debug|Any CPU = Debug|Any CPU
		Release|Any CPU = Release|Any CPU
	EndGlobalSection
	GlobalSection(ProjectConfigurationPlatforms) = postSolution
		{88809936-51B2-4BAC-A65F-83AED421227B}.Debug|Any CPU.ActiveCfg = Debug|Any CPU
		{88809936-51B2-4BAC-A65F-83AED421227B}.Debug|Any CPU.Build.0 = Debug|Any CPU
		{88809936-51B2-4BAC-A65F-83AED421227B}.Release|Any CPU.ActiveCfg = Release|Any CPU
		{88809936-51B2-4BAC-A65F-83AED421227B}.Release|Any CPU.Build.0 = Release|Any CPU
	EndGlobalSection
	GlobalSection(SolutionProperties) = preSolution
		HideSolutionNode = FALSE
	EndGlobalSection
	GlobalSection(ExtensibilityGlobals) = postSolution
		SolutionGuid = {84F84471-10E0-4465-84F7-75B9C2B1160B}
	EndGlobalSection
EndGlobal
