
Microsoft Visual Studio Solution File, Format Version 12.00
# Visual Studio 15
Project("{FAE04EC0-301F-11D3-BF4B-00C04F79EFBC}") = "LINQExample", "LINQExample\LINQExample.csproj", "{C00FE262-39FB-49F8-915C-8BC6286CF919}"
EndProject
Global
	GlobalSection(SolutionConfigurationPlatforms) = preSolution
		Debug|Any CPU = Debug|Any CPU
		Release|Any CPU = Release|Any CPU
	EndGlobalSection
	GlobalSection(ProjectConfigurationPlatforms) = postSolution
		{C00FE262-39FB-49F8-915C-8BC6286CF919}.Debug|Any CPU.ActiveCfg = Debug|Any CPU
		{C00FE262-39FB-49F8-915C-8BC6286CF919}.Debug|Any CPU.Build.0 = Debug|Any CPU
		{C00FE262-39FB-49F8-915C-8BC6286CF919}.Release|Any CPU.ActiveCfg = Release|Any CPU
		{C00FE262-39FB-49F8-915C-8BC6286CF919}.Release|Any CPU.Build.0 = Release|Any CPU
	EndGlobalSection
EndGlobal
