
Microsoft Visual Studio Solution File, Format Version 12.00
# Visual Studio 15
VisualStudioVersion = 15.0.26430.12
MinimumVisualStudioVersion = 10.0.40219.1
Project("{FAE04EC0-301F-11D3-BF4B-00C04F79EFBC}") = "Layouts.Android", "Layouts\Layouts.Android\Layouts.Android.csproj", "{62FC5B48-ABA4-421C-A53E-F277A899A952}"
EndProject
Project("{FAE04EC0-301F-11D3-BF4B-00C04F79EFBC}") = "Layouts", "Layouts\Layouts\Layouts.csproj", "{6018FBA6-9CE0-4412-9BAE-2D307B33ACDD}"
EndProject
Project("{FAE04EC0-301F-11D3-BF4B-00C04F79EFBC}") = "Layouts.UWP", "Layouts\Layouts.UWP\Layouts.UWP.csproj", "{467F7BF9-D84A-4821-AEE5-63BDBB262EC1}"
EndProject
Project("{FAE04EC0-301F-11D3-BF4B-00C04F79EFBC}") = "Layouts.iOS", "Layouts\Layouts.iOS\Layouts.iOS.csproj", "{EB9A3DE9-9D01-46EC-98C6-3A412F053221}"
EndProject
Global
	GlobalSection(SolutionConfigurationPlatforms) = preSolution
		Ad-Hoc|Any CPU = Ad-Hoc|Any CPU
		Ad-Hoc|ARM = Ad-Hoc|ARM
		Ad-Hoc|iPhone = Ad-Hoc|iPhone
		Ad-Hoc|iPhoneSimulator = Ad-Hoc|iPhoneSimulator
		Ad-Hoc|x64 = Ad-Hoc|x64
		Ad-Hoc|x86 = Ad-Hoc|x86
		AppStore|Any CPU = AppStore|Any CPU
		AppStore|ARM = AppStore|ARM
		AppStore|iPhone = AppStore|iPhone
		AppStore|iPhoneSimulator = AppStore|iPhoneSimulator
		AppStore|x64 = AppStore|x64
		AppStore|x86 = AppStore|x86
		Debug|Any CPU = Debug|Any CPU
		Debug|ARM = Debug|ARM
		Debug|iPhone = Debug|iPhone
		Debug|iPhoneSimulator = Debug|iPhoneSimulator
		Debug|x64 = Debug|x64
		Debug|x86 = Debug|x86
		Release|Any CPU = Release|Any CPU
		Release|ARM = Release|ARM
		Release|iPhone = Release|iPhone
		Release|iPhoneSimulator = Release|iPhoneSimulator
		Release|x64 = Release|x64
		Release|x86 = Release|x86
	EndGlobalSection
	GlobalSection(ProjectConfigurationPlatforms) = postSolution
		{62FC5B48-ABA4-421C-A53E-F277A899A952}.Ad-Hoc|Any CPU.ActiveCfg = Release|Any CPU
		{62FC5B48-ABA4-421C-A53E-F277A899A952}.Ad-Hoc|Any CPU.Build.0 = Release|Any CPU
		{62FC5B48-ABA4-421C-A53E-F277A899A952}.Ad-Hoc|Any CPU.Deploy.0 = Release|Any CPU
		{62FC5B48-ABA4-421C-A53E-F277A899A952}.Ad-Hoc|ARM.ActiveCfg = Release|Any CPU
		{62FC5B48-ABA4-421C-A53E-F277A899A952}.Ad-Hoc|ARM.Build.0 = Release|Any CPU
		{62FC5B48-ABA4-421C-A53E-F277A899A952}.Ad-Hoc|ARM.Deploy.0 = Release|Any CPU
		{62FC5B48-ABA4-421C-A53E-F277A899A952}.Ad-Hoc|iPhone.ActiveCfg = Release|Any CPU
		{62FC5B48-ABA4-421C-A53E-F277A899A952}.Ad-Hoc|iPhone.Build.0 = Release|Any CPU
		{62FC5B48-ABA4-421C-A53E-F277A899A952}.Ad-Hoc|iPhone.Deploy.0 = Release|Any CPU
		{62FC5B48-ABA4-421C-A53E-F277A899A952}.Ad-Hoc|iPhoneSimulator.ActiveCfg = Release|Any CPU
		{62FC5B48-ABA4-421C-A53E-F277A899A952}.Ad-Hoc|iPhoneSimulator.Build.0 = Release|Any CPU
		{62FC5B48-ABA4-421C-A53E-F277A899A952}.Ad-Hoc|iPhoneSimulator.Deploy.0 = Release|Any CPU
		{62FC5B48-ABA4-421C-A53E-F277A899A952}.Ad-Hoc|x64.ActiveCfg = Release|Any CPU
		{62FC5B48-ABA4-421C-A53E-F277A899A952}.Ad-Hoc|x64.Build.0 = Release|Any CPU
		{62FC5B48-ABA4-421C-A53E-F277A899A952}.Ad-Hoc|x64.Deploy.0 = Release|Any CPU
		{62FC5B48-ABA4-421C-A53E-F277A899A952}.Ad-Hoc|x86.ActiveCfg = Release|Any CPU
		{62FC5B48-ABA4-421C-A53E-F277A899A952}.Ad-Hoc|x86.Build.0 = Release|Any CPU
		{62FC5B48-ABA4-421C-A53E-F277A899A952}.Ad-Hoc|x86.Deploy.0 = Release|Any CPU
		{62FC5B48-ABA4-421C-A53E-F277A899A952}.AppStore|Any CPU.ActiveCfg = Release|Any CPU
		{62FC5B48-ABA4-421C-A53E-F277A899A952}.AppStore|Any CPU.Build.0 = Release|Any CPU
		{62FC5B48-ABA4-421C-A53E-F277A899A952}.AppStore|Any CPU.Deploy.0 = Release|Any CPU
		{62FC5B48-ABA4-421C-A53E-F277A899A952}.AppStore|ARM.ActiveCfg = Release|Any CPU
		{62FC5B48-ABA4-421C-A53E-F277A899A952}.AppStore|ARM.Build.0 = Release|Any CPU
		{62FC5B48-ABA4-421C-A53E-F277A899A952}.AppStore|ARM.Deploy.0 = Release|Any CPU
		{62FC5B48-ABA4-421C-A53E-F277A899A952}.AppStore|iPhone.ActiveCfg = Release|Any CPU
		{62FC5B48-ABA4-421C-A53E-F277A899A952}.AppStore|iPhone.Build.0 = Release|Any CPU
		{62FC5B48-ABA4-421C-A53E-F277A899A952}.AppStore|iPhone.Deploy.0 = Release|Any CPU
		{62FC5B48-ABA4-421C-A53E-F277A899A952}.AppStore|iPhoneSimulator.ActiveCfg = Release|Any CPU
		{62FC5B48-ABA4-421C-A53E-F277A899A952}.AppStore|iPhoneSimulator.Build.0 = Release|Any CPU
		{62FC5B48-ABA4-421C-A53E-F277A899A952}.AppStore|iPhoneSimulator.Deploy.0 = Release|Any CPU
		{62FC5B48-ABA4-421C-A53E-F277A899A952}.AppStore|x64.ActiveCfg = Release|Any CPU
		{62FC5B48-ABA4-421C-A53E-F277A899A952}.AppStore|x64.Build.0 = Release|Any CPU
		{62FC5B48-ABA4-421C-A53E-F277A899A952}.AppStore|x64.Deploy.0 = Release|Any CPU
		{62FC5B48-ABA4-421C-A53E-F277A899A952}.AppStore|x86.ActiveCfg = Release|Any CPU
		{62FC5B48-ABA4-421C-A53E-F277A899A952}.AppStore|x86.Build.0 = Release|Any CPU
		{62FC5B48-ABA4-421C-A53E-F277A899A952}.AppStore|x86.Deploy.0 = Release|Any CPU
		{62FC5B48-ABA4-421C-A53E-F277A899A952}.Debug|Any CPU.ActiveCfg = Debug|Any CPU
		{62FC5B48-ABA4-421C-A53E-F277A899A952}.Debug|Any CPU.Build.0 = Debug|Any CPU
		{62FC5B48-ABA4-421C-A53E-F277A899A952}.Debug|Any CPU.Deploy.0 = Debug|Any CPU
		{62FC5B48-ABA4-421C-A53E-F277A899A952}.Debug|ARM.ActiveCfg = Debug|Any CPU
		{62FC5B48-ABA4-421C-A53E-F277A899A952}.Debug|ARM.Build.0 = Debug|Any CPU
		{62FC5B48-ABA4-421C-A53E-F277A899A952}.Debug|ARM.Deploy.0 = Debug|Any CPU
		{62FC5B48-ABA4-421C-A53E-F277A899A952}.Debug|iPhone.ActiveCfg = Debug|Any CPU
		{62FC5B48-ABA4-421C-A53E-F277A899A952}.Debug|iPhone.Build.0 = Debug|Any CPU
		{62FC5B48-ABA4-421C-A53E-F277A899A952}.Debug|iPhone.Deploy.0 = Debug|Any CPU
		{62FC5B48-ABA4-421C-A53E-F277A899A952}.Debug|iPhoneSimulator.ActiveCfg = Debug|Any CPU
		{62FC5B48-ABA4-421C-A53E-F277A899A952}.Debug|iPhoneSimulator.Build.0 = Debug|Any CPU
		{62FC5B48-ABA4-421C-A53E-F277A899A952}.Debug|iPhoneSimulator.Deploy.0 = Debug|Any CPU
		{62FC5B48-ABA4-421C-A53E-F277A899A952}.Debug|x64.ActiveCfg = Debug|Any CPU
		{62FC5B48-ABA4-421C-A53E-F277A899A952}.Debug|x64.Build.0 = Debug|Any CPU
		{62FC5B48-ABA4-421C-A53E-F277A899A952}.Debug|x64.Deploy.0 = Debug|Any CPU
		{62FC5B48-ABA4-421C-A53E-F277A899A952}.Debug|x86.ActiveCfg = Debug|Any CPU
		{62FC5B48-ABA4-421C-A53E-F277A899A952}.Debug|x86.Build.0 = Debug|Any CPU
		{62FC5B48-ABA4-421C-A53E-F277A899A952}.Debug|x86.Deploy.0 = Debug|Any CPU
		{62FC5B48-ABA4-421C-A53E-F277A899A952}.Release|Any CPU.ActiveCfg = Release|Any CPU
		{62FC5B48-ABA4-421C-A53E-F277A899A952}.Release|Any CPU.Build.0 = Release|Any CPU
		{62FC5B48-ABA4-421C-A53E-F277A899A952}.Release|Any CPU.Deploy.0 = Release|Any CPU
		{62FC5B48-ABA4-421C-A53E-F277A899A952}.Release|ARM.ActiveCfg = Release|Any CPU
		{62FC5B48-ABA4-421C-A53E-F277A899A952}.Release|ARM.Build.0 = Release|Any CPU
		{62FC5B48-ABA4-421C-A53E-F277A899A952}.Release|ARM.Deploy.0 = Release|Any CPU
		{62FC5B48-ABA4-421C-A53E-F277A899A952}.Release|iPhone.ActiveCfg = Release|Any CPU
		{62FC5B48-ABA4-421C-A53E-F277A899A952}.Release|iPhone.Build.0 = Release|Any CPU
		{62FC5B48-ABA4-421C-A53E-F277A899A952}.Release|iPhone.Deploy.0 = Release|Any CPU
		{62FC5B48-ABA4-421C-A53E-F277A899A952}.Release|iPhoneSimulator.ActiveCfg = Release|Any CPU
		{62FC5B48-ABA4-421C-A53E-F277A899A952}.Release|iPhoneSimulator.Build.0 = Release|Any CPU
		{62FC5B48-ABA4-421C-A53E-F277A899A952}.Release|iPhoneSimulator.Deploy.0 = Release|Any CPU
		{62FC5B48-ABA4-421C-A53E-F277A899A952}.Release|x64.ActiveCfg = Release|Any CPU
		{62FC5B48-ABA4-421C-A53E-F277A899A952}.Release|x64.Build.0 = Release|Any CPU
		{62FC5B48-ABA4-421C-A53E-F277A899A952}.Release|x64.Deploy.0 = Release|Any CPU
		{62FC5B48-ABA4-421C-A53E-F277A899A952}.Release|x86.ActiveCfg = Release|Any CPU
		{62FC5B48-ABA4-421C-A53E-F277A899A952}.Release|x86.Build.0 = Release|Any CPU
		{62FC5B48-ABA4-421C-A53E-F277A899A952}.Release|x86.Deploy.0 = Release|Any CPU
		{6018FBA6-9CE0-4412-9BAE-2D307B33ACDD}.Ad-Hoc|Any CPU.ActiveCfg = Release|Any CPU
		{6018FBA6-9CE0-4412-9BAE-2D307B33ACDD}.Ad-Hoc|Any CPU.Build.0 = Release|Any CPU
		{6018FBA6-9CE0-4412-9BAE-2D307B33ACDD}.Ad-Hoc|ARM.ActiveCfg = Release|Any CPU
		{6018FBA6-9CE0-4412-9BAE-2D307B33ACDD}.Ad-Hoc|ARM.Build.0 = Release|Any CPU
		{6018FBA6-9CE0-4412-9BAE-2D307B33ACDD}.Ad-Hoc|iPhone.ActiveCfg = Release|Any CPU
		{6018FBA6-9CE0-4412-9BAE-2D307B33ACDD}.Ad-Hoc|iPhone.Build.0 = Release|Any CPU
		{6018FBA6-9CE0-4412-9BAE-2D307B33ACDD}.Ad-Hoc|iPhoneSimulator.ActiveCfg = Release|Any CPU
		{6018FBA6-9CE0-4412-9BAE-2D307B33ACDD}.Ad-Hoc|iPhoneSimulator.Build.0 = Release|Any CPU
		{6018FBA6-9CE0-4412-9BAE-2D307B33ACDD}.Ad-Hoc|x64.ActiveCfg = Release|Any CPU
		{6018FBA6-9CE0-4412-9BAE-2D307B33ACDD}.Ad-Hoc|x64.Build.0 = Release|Any CPU
		{6018FBA6-9CE0-4412-9BAE-2D307B33ACDD}.Ad-Hoc|x86.ActiveCfg = Release|Any CPU
		{6018FBA6-9CE0-4412-9BAE-2D307B33ACDD}.Ad-Hoc|x86.Build.0 = Release|Any CPU
		{6018FBA6-9CE0-4412-9BAE-2D307B33ACDD}.AppStore|Any CPU.ActiveCfg = Release|Any CPU
		{6018FBA6-9CE0-4412-9BAE-2D307B33ACDD}.AppStore|Any CPU.Build.0 = Release|Any CPU
		{6018FBA6-9CE0-4412-9BAE-2D307B33ACDD}.AppStore|ARM.ActiveCfg = Release|Any CPU
		{6018FBA6-9CE0-4412-9BAE-2D307B33ACDD}.AppStore|ARM.Build.0 = Release|Any CPU
		{6018FBA6-9CE0-4412-9BAE-2D307B33ACDD}.AppStore|iPhone.ActiveCfg = Release|Any CPU
		{6018FBA6-9CE0-4412-9BAE-2D307B33ACDD}.AppStore|iPhone.Build.0 = Release|Any CPU
		{6018FBA6-9CE0-4412-9BAE-2D307B33ACDD}.AppStore|iPhoneSimulator.ActiveCfg = Release|Any CPU
		{6018FBA6-9CE0-4412-9BAE-2D307B33ACDD}.AppStore|iPhoneSimulator.Build.0 = Release|Any CPU
		{6018FBA6-9CE0-4412-9BAE-2D307B33ACDD}.AppStore|x64.ActiveCfg = Release|Any CPU
		{6018FBA6-9CE0-4412-9BAE-2D307B33ACDD}.AppStore|x64.Build.0 = Release|Any CPU
		{6018FBA6-9CE0-4412-9BAE-2D307B33ACDD}.AppStore|x86.ActiveCfg = Release|Any CPU
		{6018FBA6-9CE0-4412-9BAE-2D307B33ACDD}.AppStore|x86.Build.0 = Release|Any CPU
		{6018FBA6-9CE0-4412-9BAE-2D307B33ACDD}.Debug|Any CPU.ActiveCfg = Debug|Any CPU
		{6018FBA6-9CE0-4412-9BAE-2D307B33ACDD}.Debug|Any CPU.Build.0 = Debug|Any CPU
		{6018FBA6-9CE0-4412-9BAE-2D307B33ACDD}.Debug|ARM.ActiveCfg = Debug|Any CPU
		{6018FBA6-9CE0-4412-9BAE-2D307B33ACDD}.Debug|ARM.Build.0 = Debug|Any CPU
		{6018FBA6-9CE0-4412-9BAE-2D307B33ACDD}.Debug|iPhone.ActiveCfg = Debug|Any CPU
		{6018FBA6-9CE0-4412-9BAE-2D307B33ACDD}.Debug|iPhone.Build.0 = Debug|Any CPU
		{6018FBA6-9CE0-4412-9BAE-2D307B33ACDD}.Debug|iPhoneSimulator.ActiveCfg = Debug|Any CPU
		{6018FBA6-9CE0-4412-9BAE-2D307B33ACDD}.Debug|iPhoneSimulator.Build.0 = Debug|Any CPU
		{6018FBA6-9CE0-4412-9BAE-2D307B33ACDD}.Debug|x64.ActiveCfg = Debug|Any CPU
		{6018FBA6-9CE0-4412-9BAE-2D307B33ACDD}.Debug|x64.Build.0 = Debug|Any CPU
		{6018FBA6-9CE0-4412-9BAE-2D307B33ACDD}.Debug|x86.ActiveCfg = Debug|Any CPU
		{6018FBA6-9CE0-4412-9BAE-2D307B33ACDD}.Debug|x86.Build.0 = Debug|Any CPU
		{6018FBA6-9CE0-4412-9BAE-2D307B33ACDD}.Release|Any CPU.ActiveCfg = Release|Any CPU
		{6018FBA6-9CE0-4412-9BAE-2D307B33ACDD}.Release|Any CPU.Build.0 = Release|Any CPU
		{6018FBA6-9CE0-4412-9BAE-2D307B33ACDD}.Release|ARM.ActiveCfg = Release|Any CPU
		{6018FBA6-9CE0-4412-9BAE-2D307B33ACDD}.Release|ARM.Build.0 = Release|Any CPU
		{6018FBA6-9CE0-4412-9BAE-2D307B33ACDD}.Release|iPhone.ActiveCfg = Release|Any CPU
		{6018FBA6-9CE0-4412-9BAE-2D307B33ACDD}.Release|iPhone.Build.0 = Release|Any CPU
		{6018FBA6-9CE0-4412-9BAE-2D307B33ACDD}.Release|iPhoneSimulator.ActiveCfg = Release|Any CPU
		{6018FBA6-9CE0-4412-9BAE-2D307B33ACDD}.Release|iPhoneSimulator.Build.0 = Release|Any CPU
		{6018FBA6-9CE0-4412-9BAE-2D307B33ACDD}.Release|x64.ActiveCfg = Release|Any CPU
		{6018FBA6-9CE0-4412-9BAE-2D307B33ACDD}.Release|x64.Build.0 = Release|Any CPU
		{6018FBA6-9CE0-4412-9BAE-2D307B33ACDD}.Release|x86.ActiveCfg = Release|Any CPU
		{6018FBA6-9CE0-4412-9BAE-2D307B33ACDD}.Release|x86.Build.0 = Release|Any CPU
		{467F7BF9-D84A-4821-AEE5-63BDBB262EC1}.Ad-Hoc|Any CPU.ActiveCfg = Release|x86
		{467F7BF9-D84A-4821-AEE5-63BDBB262EC1}.Ad-Hoc|Any CPU.Build.0 = Release|x86
		{467F7BF9-D84A-4821-AEE5-63BDBB262EC1}.Ad-Hoc|Any CPU.Deploy.0 = Release|x86
		{467F7BF9-D84A-4821-AEE5-63BDBB262EC1}.Ad-Hoc|ARM.ActiveCfg = Release|ARM
		{467F7BF9-D84A-4821-AEE5-63BDBB262EC1}.Ad-Hoc|ARM.Build.0 = Release|ARM
		{467F7BF9-D84A-4821-AEE5-63BDBB262EC1}.Ad-Hoc|ARM.Deploy.0 = Release|ARM
		{467F7BF9-D84A-4821-AEE5-63BDBB262EC1}.Ad-Hoc|iPhone.ActiveCfg = Release|x86
		{467F7BF9-D84A-4821-AEE5-63BDBB262EC1}.Ad-Hoc|iPhone.Build.0 = Release|x86
		{467F7BF9-D84A-4821-AEE5-63BDBB262EC1}.Ad-Hoc|iPhone.Deploy.0 = Release|x86
		{467F7BF9-D84A-4821-AEE5-63BDBB262EC1}.Ad-Hoc|iPhoneSimulator.ActiveCfg = Release|x86
		{467F7BF9-D84A-4821-AEE5-63BDBB262EC1}.Ad-Hoc|iPhoneSimulator.Build.0 = Release|x86
		{467F7BF9-D84A-4821-AEE5-63BDBB262EC1}.Ad-Hoc|iPhoneSimulator.Deploy.0 = Release|x86
		{467F7BF9-D84A-4821-AEE5-63BDBB262EC1}.Ad-Hoc|x64.ActiveCfg = Release|x64
		{467F7BF9-D84A-4821-AEE5-63BDBB262EC1}.Ad-Hoc|x64.Build.0 = Release|x64
		{467F7BF9-D84A-4821-AEE5-63BDBB262EC1}.Ad-Hoc|x64.Deploy.0 = Release|x64
		{467F7BF9-D84A-4821-AEE5-63BDBB262EC1}.Ad-Hoc|x86.ActiveCfg = Release|x86
		{467F7BF9-D84A-4821-AEE5-63BDBB262EC1}.Ad-Hoc|x86.Build.0 = Release|x86
		{467F7BF9-D84A-4821-AEE5-63BDBB262EC1}.Ad-Hoc|x86.Deploy.0 = Release|x86
		{467F7BF9-D84A-4821-AEE5-63BDBB262EC1}.AppStore|Any CPU.ActiveCfg = Release|x86
		{467F7BF9-D84A-4821-AEE5-63BDBB262EC1}.AppStore|Any CPU.Build.0 = Release|x86
		{467F7BF9-D84A-4821-AEE5-63BDBB262EC1}.AppStore|Any CPU.Deploy.0 = Release|x86
		{467F7BF9-D84A-4821-AEE5-63BDBB262EC1}.AppStore|ARM.ActiveCfg = Release|ARM
		{467F7BF9-D84A-4821-AEE5-63BDBB262EC1}.AppStore|ARM.Build.0 = Release|ARM
		{467F7BF9-D84A-4821-AEE5-63BDBB262EC1}.AppStore|ARM.Deploy.0 = Release|ARM
		{467F7BF9-D84A-4821-AEE5-63BDBB262EC1}.AppStore|iPhone.ActiveCfg = Release|x86
		{467F7BF9-D84A-4821-AEE5-63BDBB262EC1}.AppStore|iPhone.Build.0 = Release|x86
		{467F7BF9-D84A-4821-AEE5-63BDBB262EC1}.AppStore|iPhone.Deploy.0 = Release|x86
		{467F7BF9-D84A-4821-AEE5-63BDBB262EC1}.AppStore|iPhoneSimulator.ActiveCfg = Release|x86
		{467F7BF9-D84A-4821-AEE5-63BDBB262EC1}.AppStore|iPhoneSimulator.Build.0 = Release|x86
		{467F7BF9-D84A-4821-AEE5-63BDBB262EC1}.AppStore|iPhoneSimulator.Deploy.0 = Release|x86
		{467F7BF9-D84A-4821-AEE5-63BDBB262EC1}.AppStore|x64.ActiveCfg = Release|x64
		{467F7BF9-D84A-4821-AEE5-63BDBB262EC1}.AppStore|x64.Build.0 = Release|x64
		{467F7BF9-D84A-4821-AEE5-63BDBB262EC1}.AppStore|x64.Deploy.0 = Release|x64
		{467F7BF9-D84A-4821-AEE5-63BDBB262EC1}.AppStore|x86.ActiveCfg = Release|x86
		{467F7BF9-D84A-4821-AEE5-63BDBB262EC1}.AppStore|x86.Build.0 = Release|x86
		{467F7BF9-D84A-4821-AEE5-63BDBB262EC1}.AppStore|x86.Deploy.0 = Release|x86
		{467F7BF9-D84A-4821-AEE5-63BDBB262EC1}.Debug|Any CPU.ActiveCfg = Debug|x86
		{467F7BF9-D84A-4821-AEE5-63BDBB262EC1}.Debug|ARM.ActiveCfg = Debug|ARM
		{467F7BF9-D84A-4821-AEE5-63BDBB262EC1}.Debug|ARM.Build.0 = Debug|ARM
		{467F7BF9-D84A-4821-AEE5-63BDBB262EC1}.Debug|ARM.Deploy.0 = Debug|ARM
		{467F7BF9-D84A-4821-AEE5-63BDBB262EC1}.Debug|iPhone.ActiveCfg = Debug|x86
		{467F7BF9-D84A-4821-AEE5-63BDBB262EC1}.Debug|iPhoneSimulator.ActiveCfg = Debug|x86
		{467F7BF9-D84A-4821-AEE5-63BDBB262EC1}.Debug|x64.ActiveCfg = Debug|x64
		{467F7BF9-D84A-4821-AEE5-63BDBB262EC1}.Debug|x64.Build.0 = Debug|x64
		{467F7BF9-D84A-4821-AEE5-63BDBB262EC1}.Debug|x64.Deploy.0 = Debug|x64
		{467F7BF9-D84A-4821-AEE5-63BDBB262EC1}.Debug|x86.ActiveCfg = Debug|x86
		{467F7BF9-D84A-4821-AEE5-63BDBB262EC1}.Debug|x86.Build.0 = Debug|x86
		{467F7BF9-D84A-4821-AEE5-63BDBB262EC1}.Debug|x86.Deploy.0 = Debug|x86
		{467F7BF9-D84A-4821-AEE5-63BDBB262EC1}.Release|Any CPU.ActiveCfg = Release|x86
		{467F7BF9-D84A-4821-AEE5-63BDBB262EC1}.Release|ARM.ActiveCfg = Release|ARM
		{467F7BF9-D84A-4821-AEE5-63BDBB262EC1}.Release|ARM.Build.0 = Release|ARM
		{467F7BF9-D84A-4821-AEE5-63BDBB262EC1}.Release|ARM.Deploy.0 = Release|ARM
		{467F7BF9-D84A-4821-AEE5-63BDBB262EC1}.Release|iPhone.ActiveCfg = Release|x86
		{467F7BF9-D84A-4821-AEE5-63BDBB262EC1}.Release|iPhoneSimulator.ActiveCfg = Release|x86
		{467F7BF9-D84A-4821-AEE5-63BDBB262EC1}.Release|x64.ActiveCfg = Release|x64
		{467F7BF9-D84A-4821-AEE5-63BDBB262EC1}.Release|x64.Build.0 = Release|x64
		{467F7BF9-D84A-4821-AEE5-63BDBB262EC1}.Release|x64.Deploy.0 = Release|x64
		{467F7BF9-D84A-4821-AEE5-63BDBB262EC1}.Release|x86.ActiveCfg = Release|x86
		{467F7BF9-D84A-4821-AEE5-63BDBB262EC1}.Release|x86.Build.0 = Release|x86
		{467F7BF9-D84A-4821-AEE5-63BDBB262EC1}.Release|x86.Deploy.0 = Release|x86
		{EB9A3DE9-9D01-46EC-98C6-3A412F053221}.Ad-Hoc|Any CPU.ActiveCfg = Ad-Hoc|iPhone
		{EB9A3DE9-9D01-46EC-98C6-3A412F053221}.Ad-Hoc|ARM.ActiveCfg = Ad-Hoc|iPhone
		{EB9A3DE9-9D01-46EC-98C6-3A412F053221}.Ad-Hoc|iPhone.ActiveCfg = Ad-Hoc|iPhone
		{EB9A3DE9-9D01-46EC-98C6-3A412F053221}.Ad-Hoc|iPhone.Build.0 = Ad-Hoc|iPhone
		{EB9A3DE9-9D01-46EC-98C6-3A412F053221}.Ad-Hoc|iPhoneSimulator.ActiveCfg = Ad-Hoc|iPhoneSimulator
		{EB9A3DE9-9D01-46EC-98C6-3A412F053221}.Ad-Hoc|iPhoneSimulator.Build.0 = Ad-Hoc|iPhoneSimulator
		{EB9A3DE9-9D01-46EC-98C6-3A412F053221}.Ad-Hoc|x64.ActiveCfg = Ad-Hoc|iPhone
		{EB9A3DE9-9D01-46EC-98C6-3A412F053221}.Ad-Hoc|x86.ActiveCfg = Ad-Hoc|iPhone
		{EB9A3DE9-9D01-46EC-98C6-3A412F053221}.AppStore|Any CPU.ActiveCfg = AppStore|iPhone
		{EB9A3DE9-9D01-46EC-98C6-3A412F053221}.AppStore|ARM.ActiveCfg = AppStore|iPhone
		{EB9A3DE9-9D01-46EC-98C6-3A412F053221}.AppStore|iPhone.ActiveCfg = AppStore|iPhone
		{EB9A3DE9-9D01-46EC-98C6-3A412F053221}.AppStore|iPhone.Build.0 = AppStore|iPhone
		{EB9A3DE9-9D01-46EC-98C6-3A412F053221}.AppStore|iPhoneSimulator.ActiveCfg = AppStore|iPhoneSimulator
		{EB9A3DE9-9D01-46EC-98C6-3A412F053221}.AppStore|iPhoneSimulator.Build.0 = AppStore|iPhoneSimulator
		{EB9A3DE9-9D01-46EC-98C6-3A412F053221}.AppStore|x64.ActiveCfg = AppStore|iPhone
		{EB9A3DE9-9D01-46EC-98C6-3A412F053221}.AppStore|x86.ActiveCfg = AppStore|iPhone
		{EB9A3DE9-9D01-46EC-98C6-3A412F053221}.Debug|Any CPU.ActiveCfg = Debug|iPhone
		{EB9A3DE9-9D01-46EC-98C6-3A412F053221}.Debug|ARM.ActiveCfg = Debug|iPhone
		{EB9A3DE9-9D01-46EC-98C6-3A412F053221}.Debug|iPhone.ActiveCfg = Debug|iPhone
		{EB9A3DE9-9D01-46EC-98C6-3A412F053221}.Debug|iPhone.Build.0 = Debug|iPhone
		{EB9A3DE9-9D01-46EC-98C6-3A412F053221}.Debug|iPhoneSimulator.ActiveCfg = Debug|iPhoneSimulator
		{EB9A3DE9-9D01-46EC-98C6-3A412F053221}.Debug|iPhoneSimulator.Build.0 = Debug|iPhoneSimulator
		{EB9A3DE9-9D01-46EC-98C6-3A412F053221}.Debug|x64.ActiveCfg = Debug|iPhone
		{EB9A3DE9-9D01-46EC-98C6-3A412F053221}.Debug|x86.ActiveCfg = Debug|iPhone
		{EB9A3DE9-9D01-46EC-98C6-3A412F053221}.Release|Any CPU.ActiveCfg = Release|iPhone
		{EB9A3DE9-9D01-46EC-98C6-3A412F053221}.Release|ARM.ActiveCfg = Release|iPhone
		{EB9A3DE9-9D01-46EC-98C6-3A412F053221}.Release|iPhone.ActiveCfg = Release|iPhone
		{EB9A3DE9-9D01-46EC-98C6-3A412F053221}.Release|iPhone.Build.0 = Release|iPhone
		{EB9A3DE9-9D01-46EC-98C6-3A412F053221}.Release|iPhoneSimulator.ActiveCfg = Release|iPhoneSimulator
		{EB9A3DE9-9D01-46EC-98C6-3A412F053221}.Release|iPhoneSimulator.Build.0 = Release|iPhoneSimulator
		{EB9A3DE9-9D01-46EC-98C6-3A412F053221}.Release|x64.ActiveCfg = Release|iPhone
		{EB9A3DE9-9D01-46EC-98C6-3A412F053221}.Release|x86.ActiveCfg = Release|iPhone
	EndGlobalSection
	GlobalSection(SolutionProperties) = preSolution
		HideSolutionNode = FALSE
	EndGlobalSection
EndGlobal
