
Microsoft Visual Studio Solution File, Format Version 12.00
# Visual Studio 15
VisualStudioVersion = 15.0.27703.2026
MinimumVisualStudioVersion = 10.0.40219.1
Project("{FAE04EC0-301F-11D3-BF4B-00C04F79EFBC}") = "Delegate2", "Delegate2\Delegate2.csproj", "{82F5DE87-8B06-4B73-AC1E-480A5D7199A5}"
EndProject
Global
	GlobalSection(SolutionConfigurationPlatforms) = preSolution
		Debug|Any CPU = Debug|Any CPU
		Release|Any CPU = Release|Any CPU
	EndGlobalSection
	GlobalSection(ProjectConfigurationPlatforms) = postSolution
		{82F5DE87-8B06-4B73-AC1E-480A5D7199A5}.Debug|Any CPU.ActiveCfg = Debug|Any CPU
		{82F5DE87-8B06-4B73-AC1E-480A5D7199A5}.Debug|Any CPU.Build.0 = Debug|Any CPU
		{82F5DE87-8B06-4B73-AC1E-480A5D7199A5}.Release|Any CPU.ActiveCfg = Release|Any CPU
		{82F5DE87-8B06-4B73-AC1E-480A5D7199A5}.Release|Any CPU.Build.0 = Release|Any CPU
	EndGlobalSection
	GlobalSection(SolutionProperties) = preSolution
		HideSolutionNode = FALSE
	EndGlobalSection
	GlobalSection(ExtensibilityGlobals) = postSolution
		SolutionGuid = {BF8F849B-985E-4AB1-AEA3-B401CD586DA5}
	EndGlobalSection
EndGlobal
