
Microsoft Visual Studio Solution File, Format Version 12.00
# Visual Studio 15
VisualStudioVersion = 15.0.26430.12
MinimumVisualStudioVersion = 10.0.40219.1
Project("{FAE04EC0-301F-11D3-BF4B-00C04F79EFBC}") = "Controls.Android", "Controls\Controls.Android\Controls.Android.csproj", "{2DC0E832-DBCA-4758-A2EC-2C1804743212}"
EndProject
Project("{FAE04EC0-301F-11D3-BF4B-00C04F79EFBC}") = "Controls", "Controls\Controls\Controls.csproj", "{8C22EA12-4A41-47CD-B584-FCDE735B7CF8}"
EndProject
Project("{FAE04EC0-301F-11D3-BF4B-00C04F79EFBC}") = "Controls.UWP", "Controls\Controls.UWP\Controls.UWP.csproj", "{7F52A8BE-9137-4899-A9AD-74924BEE2726}"
EndProject
Project("{FAE04EC0-301F-11D3-BF4B-00C04F79EFBC}") = "Controls.iOS", "Controls\Controls.iOS\Controls.iOS.csproj", "{F68C2115-429A-4E0F-B8E9-76EB0BE28CC2}"
EndProject
Global
	GlobalSection(SolutionConfigurationPlatforms) = preSolution
		Ad-Hoc|Any CPU = Ad-Hoc|Any CPU
		Ad-Hoc|ARM = Ad-Hoc|ARM
		Ad-Hoc|iPhone = Ad-Hoc|iPhone
		Ad-Hoc|iPhoneSimulator = Ad-Hoc|iPhoneSimulator
		Ad-Hoc|x64 = Ad-Hoc|x64
		Ad-Hoc|x86 = Ad-Hoc|x86
		AppStore|Any CPU = AppStore|Any CPU
		AppStore|ARM = AppStore|ARM
		AppStore|iPhone = AppStore|iPhone
		AppStore|iPhoneSimulator = AppStore|iPhoneSimulator
		AppStore|x64 = AppStore|x64
		AppStore|x86 = AppStore|x86
		Debug|Any CPU = Debug|Any CPU
		Debug|ARM = Debug|ARM
		Debug|iPhone = Debug|iPhone
		Debug|iPhoneSimulator = Debug|iPhoneSimulator
		Debug|x64 = Debug|x64
		Debug|x86 = Debug|x86
		Release|Any CPU = Release|Any CPU
		Release|ARM = Release|ARM
		Release|iPhone = Release|iPhone
		Release|iPhoneSimulator = Release|iPhoneSimulator
		Release|x64 = Release|x64
		Release|x86 = Release|x86
	EndGlobalSection
	GlobalSection(ProjectConfigurationPlatforms) = postSolution
		{2DC0E832-DBCA-4758-A2EC-2C1804743212}.Ad-Hoc|Any CPU.ActiveCfg = Release|Any CPU
		{2DC0E832-DBCA-4758-A2EC-2C1804743212}.Ad-Hoc|Any CPU.Build.0 = Release|Any CPU
		{2DC0E832-DBCA-4758-A2EC-2C1804743212}.Ad-Hoc|Any CPU.Deploy.0 = Release|Any CPU
		{2DC0E832-DBCA-4758-A2EC-2C1804743212}.Ad-Hoc|ARM.ActiveCfg = Release|Any CPU
		{2DC0E832-DBCA-4758-A2EC-2C1804743212}.Ad-Hoc|ARM.Build.0 = Release|Any CPU
		{2DC0E832-DBCA-4758-A2EC-2C1804743212}.Ad-Hoc|ARM.Deploy.0 = Release|Any CPU
		{2DC0E832-DBCA-4758-A2EC-2C1804743212}.Ad-Hoc|iPhone.ActiveCfg = Release|Any CPU
		{2DC0E832-DBCA-4758-A2EC-2C1804743212}.Ad-Hoc|iPhone.Build.0 = Release|Any CPU
		{2DC0E832-DBCA-4758-A2EC-2C1804743212}.Ad-Hoc|iPhone.Deploy.0 = Release|Any CPU
		{2DC0E832-DBCA-4758-A2EC-2C1804743212}.Ad-Hoc|iPhoneSimulator.ActiveCfg = Release|Any CPU
		{2DC0E832-DBCA-4758-A2EC-2C1804743212}.Ad-Hoc|iPhoneSimulator.Build.0 = Release|Any CPU
		{2DC0E832-DBCA-4758-A2EC-2C1804743212}.Ad-Hoc|iPhoneSimulator.Deploy.0 = Release|Any CPU
		{2DC0E832-DBCA-4758-A2EC-2C1804743212}.Ad-Hoc|x64.ActiveCfg = Release|Any CPU
		{2DC0E832-DBCA-4758-A2EC-2C1804743212}.Ad-Hoc|x64.Build.0 = Release|Any CPU
		{2DC0E832-DBCA-4758-A2EC-2C1804743212}.Ad-Hoc|x64.Deploy.0 = Release|Any CPU
		{2DC0E832-DBCA-4758-A2EC-2C1804743212}.Ad-Hoc|x86.ActiveCfg = Release|Any CPU
		{2DC0E832-DBCA-4758-A2EC-2C1804743212}.Ad-Hoc|x86.Build.0 = Release|Any CPU
		{2DC0E832-DBCA-4758-A2EC-2C1804743212}.Ad-Hoc|x86.Deploy.0 = Release|Any CPU
		{2DC0E832-DBCA-4758-A2EC-2C1804743212}.AppStore|Any CPU.ActiveCfg = Release|Any CPU
		{2DC0E832-DBCA-4758-A2EC-2C1804743212}.AppStore|Any CPU.Build.0 = Release|Any CPU
		{2DC0E832-DBCA-4758-A2EC-2C1804743212}.AppStore|Any CPU.Deploy.0 = Release|Any CPU
		{2DC0E832-DBCA-4758-A2EC-2C1804743212}.AppStore|ARM.ActiveCfg = Release|Any CPU
		{2DC0E832-DBCA-4758-A2EC-2C1804743212}.AppStore|ARM.Build.0 = Release|Any CPU
		{2DC0E832-DBCA-4758-A2EC-2C1804743212}.AppStore|ARM.Deploy.0 = Release|Any CPU
		{2DC0E832-DBCA-4758-A2EC-2C1804743212}.AppStore|iPhone.ActiveCfg = Release|Any CPU
		{2DC0E832-DBCA-4758-A2EC-2C1804743212}.AppStore|iPhone.Build.0 = Release|Any CPU
		{2DC0E832-DBCA-4758-A2EC-2C1804743212}.AppStore|iPhone.Deploy.0 = Release|Any CPU
		{2DC0E832-DBCA-4758-A2EC-2C1804743212}.AppStore|iPhoneSimulator.ActiveCfg = Release|Any CPU
		{2DC0E832-DBCA-4758-A2EC-2C1804743212}.AppStore|iPhoneSimulator.Build.0 = Release|Any CPU
		{2DC0E832-DBCA-4758-A2EC-2C1804743212}.AppStore|iPhoneSimulator.Deploy.0 = Release|Any CPU
		{2DC0E832-DBCA-4758-A2EC-2C1804743212}.AppStore|x64.ActiveCfg = Release|Any CPU
		{2DC0E832-DBCA-4758-A2EC-2C1804743212}.AppStore|x64.Build.0 = Release|Any CPU
		{2DC0E832-DBCA-4758-A2EC-2C1804743212}.AppStore|x64.Deploy.0 = Release|Any CPU
		{2DC0E832-DBCA-4758-A2EC-2C1804743212}.AppStore|x86.ActiveCfg = Release|Any CPU
		{2DC0E832-DBCA-4758-A2EC-2C1804743212}.AppStore|x86.Build.0 = Release|Any CPU
		{2DC0E832-DBCA-4758-A2EC-2C1804743212}.AppStore|x86.Deploy.0 = Release|Any CPU
		{2DC0E832-DBCA-4758-A2EC-2C1804743212}.Debug|Any CPU.ActiveCfg = Debug|Any CPU
		{2DC0E832-DBCA-4758-A2EC-2C1804743212}.Debug|Any CPU.Build.0 = Debug|Any CPU
		{2DC0E832-DBCA-4758-A2EC-2C1804743212}.Debug|Any CPU.Deploy.0 = Debug|Any CPU
		{2DC0E832-DBCA-4758-A2EC-2C1804743212}.Debug|ARM.ActiveCfg = Debug|Any CPU
		{2DC0E832-DBCA-4758-A2EC-2C1804743212}.Debug|ARM.Build.0 = Debug|Any CPU
		{2DC0E832-DBCA-4758-A2EC-2C1804743212}.Debug|ARM.Deploy.0 = Debug|Any CPU
		{2DC0E832-DBCA-4758-A2EC-2C1804743212}.Debug|iPhone.ActiveCfg = Debug|Any CPU
		{2DC0E832-DBCA-4758-A2EC-2C1804743212}.Debug|iPhone.Build.0 = Debug|Any CPU
		{2DC0E832-DBCA-4758-A2EC-2C1804743212}.Debug|iPhone.Deploy.0 = Debug|Any CPU
		{2DC0E832-DBCA-4758-A2EC-2C1804743212}.Debug|iPhoneSimulator.ActiveCfg = Debug|Any CPU
		{2DC0E832-DBCA-4758-A2EC-2C1804743212}.Debug|iPhoneSimulator.Build.0 = Debug|Any CPU
		{2DC0E832-DBCA-4758-A2EC-2C1804743212}.Debug|iPhoneSimulator.Deploy.0 = Debug|Any CPU
		{2DC0E832-DBCA-4758-A2EC-2C1804743212}.Debug|x64.ActiveCfg = Debug|Any CPU
		{2DC0E832-DBCA-4758-A2EC-2C1804743212}.Debug|x64.Build.0 = Debug|Any CPU
		{2DC0E832-DBCA-4758-A2EC-2C1804743212}.Debug|x64.Deploy.0 = Debug|Any CPU
		{2DC0E832-DBCA-4758-A2EC-2C1804743212}.Debug|x86.ActiveCfg = Debug|Any CPU
		{2DC0E832-DBCA-4758-A2EC-2C1804743212}.Debug|x86.Build.0 = Debug|Any CPU
		{2DC0E832-DBCA-4758-A2EC-2C1804743212}.Debug|x86.Deploy.0 = Debug|Any CPU
		{2DC0E832-DBCA-4758-A2EC-2C1804743212}.Release|Any CPU.ActiveCfg = Release|Any CPU
		{2DC0E832-DBCA-4758-A2EC-2C1804743212}.Release|Any CPU.Build.0 = Release|Any CPU
		{2DC0E832-DBCA-4758-A2EC-2C1804743212}.Release|Any CPU.Deploy.0 = Release|Any CPU
		{2DC0E832-DBCA-4758-A2EC-2C1804743212}.Release|ARM.ActiveCfg = Release|Any CPU
		{2DC0E832-DBCA-4758-A2EC-2C1804743212}.Release|ARM.Build.0 = Release|Any CPU
		{2DC0E832-DBCA-4758-A2EC-2C1804743212}.Release|ARM.Deploy.0 = Release|Any CPU
		{2DC0E832-DBCA-4758-A2EC-2C1804743212}.Release|iPhone.ActiveCfg = Release|Any CPU
		{2DC0E832-DBCA-4758-A2EC-2C1804743212}.Release|iPhone.Build.0 = Release|Any CPU
		{2DC0E832-DBCA-4758-A2EC-2C1804743212}.Release|iPhone.Deploy.0 = Release|Any CPU
		{2DC0E832-DBCA-4758-A2EC-2C1804743212}.Release|iPhoneSimulator.ActiveCfg = Release|Any CPU
		{2DC0E832-DBCA-4758-A2EC-2C1804743212}.Release|iPhoneSimulator.Build.0 = Release|Any CPU
		{2DC0E832-DBCA-4758-A2EC-2C1804743212}.Release|iPhoneSimulator.Deploy.0 = Release|Any CPU
		{2DC0E832-DBCA-4758-A2EC-2C1804743212}.Release|x64.ActiveCfg = Release|Any CPU
		{2DC0E832-DBCA-4758-A2EC-2C1804743212}.Release|x64.Build.0 = Release|Any CPU
		{2DC0E832-DBCA-4758-A2EC-2C1804743212}.Release|x64.Deploy.0 = Release|Any CPU
		{2DC0E832-DBCA-4758-A2EC-2C1804743212}.Release|x86.ActiveCfg = Release|Any CPU
		{2DC0E832-DBCA-4758-A2EC-2C1804743212}.Release|x86.Build.0 = Release|Any CPU
		{2DC0E832-DBCA-4758-A2EC-2C1804743212}.Release|x86.Deploy.0 = Release|Any CPU
		{8C22EA12-4A41-47CD-B584-FCDE735B7CF8}.Ad-Hoc|Any CPU.ActiveCfg = Release|Any CPU
		{8C22EA12-4A41-47CD-B584-FCDE735B7CF8}.Ad-Hoc|Any CPU.Build.0 = Release|Any CPU
		{8C22EA12-4A41-47CD-B584-FCDE735B7CF8}.Ad-Hoc|ARM.ActiveCfg = Release|Any CPU
		{8C22EA12-4A41-47CD-B584-FCDE735B7CF8}.Ad-Hoc|ARM.Build.0 = Release|Any CPU
		{8C22EA12-4A41-47CD-B584-FCDE735B7CF8}.Ad-Hoc|iPhone.ActiveCfg = Release|Any CPU
		{8C22EA12-4A41-47CD-B584-FCDE735B7CF8}.Ad-Hoc|iPhone.Build.0 = Release|Any CPU
		{8C22EA12-4A41-47CD-B584-FCDE735B7CF8}.Ad-Hoc|iPhoneSimulator.ActiveCfg = Release|Any CPU
		{8C22EA12-4A41-47CD-B584-FCDE735B7CF8}.Ad-Hoc|iPhoneSimulator.Build.0 = Release|Any CPU
		{8C22EA12-4A41-47CD-B584-FCDE735B7CF8}.Ad-Hoc|x64.ActiveCfg = Release|Any CPU
		{8C22EA12-4A41-47CD-B584-FCDE735B7CF8}.Ad-Hoc|x64.Build.0 = Release|Any CPU
		{8C22EA12-4A41-47CD-B584-FCDE735B7CF8}.Ad-Hoc|x86.ActiveCfg = Release|Any CPU
		{8C22EA12-4A41-47CD-B584-FCDE735B7CF8}.Ad-Hoc|x86.Build.0 = Release|Any CPU
		{8C22EA12-4A41-47CD-B584-FCDE735B7CF8}.AppStore|Any CPU.ActiveCfg = Release|Any CPU
		{8C22EA12-4A41-47CD-B584-FCDE735B7CF8}.AppStore|Any CPU.Build.0 = Release|Any CPU
		{8C22EA12-4A41-47CD-B584-FCDE735B7CF8}.AppStore|ARM.ActiveCfg = Release|Any CPU
		{8C22EA12-4A41-47CD-B584-FCDE735B7CF8}.AppStore|ARM.Build.0 = Release|Any CPU
		{8C22EA12-4A41-47CD-B584-FCDE735B7CF8}.AppStore|iPhone.ActiveCfg = Release|Any CPU
		{8C22EA12-4A41-47CD-B584-FCDE735B7CF8}.AppStore|iPhone.Build.0 = Release|Any CPU
		{8C22EA12-4A41-47CD-B584-FCDE735B7CF8}.AppStore|iPhoneSimulator.ActiveCfg = Release|Any CPU
		{8C22EA12-4A41-47CD-B584-FCDE735B7CF8}.AppStore|iPhoneSimulator.Build.0 = Release|Any CPU
		{8C22EA12-4A41-47CD-B584-FCDE735B7CF8}.AppStore|x64.ActiveCfg = Release|Any CPU
		{8C22EA12-4A41-47CD-B584-FCDE735B7CF8}.AppStore|x64.Build.0 = Release|Any CPU
		{8C22EA12-4A41-47CD-B584-FCDE735B7CF8}.AppStore|x86.ActiveCfg = Release|Any CPU
		{8C22EA12-4A41-47CD-B584-FCDE735B7CF8}.AppStore|x86.Build.0 = Release|Any CPU
		{8C22EA12-4A41-47CD-B584-FCDE735B7CF8}.Debug|Any CPU.ActiveCfg = Debug|Any CPU
		{8C22EA12-4A41-47CD-B584-FCDE735B7CF8}.Debug|Any CPU.Build.0 = Debug|Any CPU
		{8C22EA12-4A41-47CD-B584-FCDE735B7CF8}.Debug|ARM.ActiveCfg = Debug|Any CPU
		{8C22EA12-4A41-47CD-B584-FCDE735B7CF8}.Debug|ARM.Build.0 = Debug|Any CPU
		{8C22EA12-4A41-47CD-B584-FCDE735B7CF8}.Debug|iPhone.ActiveCfg = Debug|Any CPU
		{8C22EA12-4A41-47CD-B584-FCDE735B7CF8}.Debug|iPhone.Build.0 = Debug|Any CPU
		{8C22EA12-4A41-47CD-B584-FCDE735B7CF8}.Debug|iPhoneSimulator.ActiveCfg = Debug|Any CPU
		{8C22EA12-4A41-47CD-B584-FCDE735B7CF8}.Debug|iPhoneSimulator.Build.0 = Debug|Any CPU
		{8C22EA12-4A41-47CD-B584-FCDE735B7CF8}.Debug|x64.ActiveCfg = Debug|Any CPU
		{8C22EA12-4A41-47CD-B584-FCDE735B7CF8}.Debug|x64.Build.0 = Debug|Any CPU
		{8C22EA12-4A41-47CD-B584-FCDE735B7CF8}.Debug|x86.ActiveCfg = Debug|Any CPU
		{8C22EA12-4A41-47CD-B584-FCDE735B7CF8}.Debug|x86.Build.0 = Debug|Any CPU
		{8C22EA12-4A41-47CD-B584-FCDE735B7CF8}.Release|Any CPU.ActiveCfg = Release|Any CPU
		{8C22EA12-4A41-47CD-B584-FCDE735B7CF8}.Release|Any CPU.Build.0 = Release|Any CPU
		{8C22EA12-4A41-47CD-B584-FCDE735B7CF8}.Release|ARM.ActiveCfg = Release|Any CPU
		{8C22EA12-4A41-47CD-B584-FCDE735B7CF8}.Release|ARM.Build.0 = Release|Any CPU
		{8C22EA12-4A41-47CD-B584-FCDE735B7CF8}.Release|iPhone.ActiveCfg = Release|Any CPU
		{8C22EA12-4A41-47CD-B584-FCDE735B7CF8}.Release|iPhone.Build.0 = Release|Any CPU
		{8C22EA12-4A41-47CD-B584-FCDE735B7CF8}.Release|iPhoneSimulator.ActiveCfg = Release|Any CPU
		{8C22EA12-4A41-47CD-B584-FCDE735B7CF8}.Release|iPhoneSimulator.Build.0 = Release|Any CPU
		{8C22EA12-4A41-47CD-B584-FCDE735B7CF8}.Release|x64.ActiveCfg = Release|Any CPU
		{8C22EA12-4A41-47CD-B584-FCDE735B7CF8}.Release|x64.Build.0 = Release|Any CPU
		{8C22EA12-4A41-47CD-B584-FCDE735B7CF8}.Release|x86.ActiveCfg = Release|Any CPU
		{8C22EA12-4A41-47CD-B584-FCDE735B7CF8}.Release|x86.Build.0 = Release|Any CPU
		{7F52A8BE-9137-4899-A9AD-74924BEE2726}.Ad-Hoc|Any CPU.ActiveCfg = Release|x86
		{7F52A8BE-9137-4899-A9AD-74924BEE2726}.Ad-Hoc|Any CPU.Build.0 = Release|x86
		{7F52A8BE-9137-4899-A9AD-74924BEE2726}.Ad-Hoc|Any CPU.Deploy.0 = Release|x86
		{7F52A8BE-9137-4899-A9AD-74924BEE2726}.Ad-Hoc|ARM.ActiveCfg = Release|ARM
		{7F52A8BE-9137-4899-A9AD-74924BEE2726}.Ad-Hoc|ARM.Build.0 = Release|ARM
		{7F52A8BE-9137-4899-A9AD-74924BEE2726}.Ad-Hoc|ARM.Deploy.0 = Release|ARM
		{7F52A8BE-9137-4899-A9AD-74924BEE2726}.Ad-Hoc|iPhone.ActiveCfg = Release|x86
		{7F52A8BE-9137-4899-A9AD-74924BEE2726}.Ad-Hoc|iPhone.Build.0 = Release|x86
		{7F52A8BE-9137-4899-A9AD-74924BEE2726}.Ad-Hoc|iPhone.Deploy.0 = Release|x86
		{7F52A8BE-9137-4899-A9AD-74924BEE2726}.Ad-Hoc|iPhoneSimulator.ActiveCfg = Release|x86
		{7F52A8BE-9137-4899-A9AD-74924BEE2726}.Ad-Hoc|iPhoneSimulator.Build.0 = Release|x86
		{7F52A8BE-9137-4899-A9AD-74924BEE2726}.Ad-Hoc|iPhoneSimulator.Deploy.0 = Release|x86
		{7F52A8BE-9137-4899-A9AD-74924BEE2726}.Ad-Hoc|x64.ActiveCfg = Release|x64
		{7F52A8BE-9137-4899-A9AD-74924BEE2726}.Ad-Hoc|x64.Build.0 = Release|x64
		{7F52A8BE-9137-4899-A9AD-74924BEE2726}.Ad-Hoc|x64.Deploy.0 = Release|x64
		{7F52A8BE-9137-4899-A9AD-74924BEE2726}.Ad-Hoc|x86.ActiveCfg = Release|x86
		{7F52A8BE-9137-4899-A9AD-74924BEE2726}.Ad-Hoc|x86.Build.0 = Release|x86
		{7F52A8BE-9137-4899-A9AD-74924BEE2726}.Ad-Hoc|x86.Deploy.0 = Release|x86
		{7F52A8BE-9137-4899-A9AD-74924BEE2726}.AppStore|Any CPU.ActiveCfg = Release|x86
		{7F52A8BE-9137-4899-A9AD-74924BEE2726}.AppStore|Any CPU.Build.0 = Release|x86
		{7F52A8BE-9137-4899-A9AD-74924BEE2726}.AppStore|Any CPU.Deploy.0 = Release|x86
		{7F52A8BE-9137-4899-A9AD-74924BEE2726}.AppStore|ARM.ActiveCfg = Release|ARM
		{7F52A8BE-9137-4899-A9AD-74924BEE2726}.AppStore|ARM.Build.0 = Release|ARM
		{7F52A8BE-9137-4899-A9AD-74924BEE2726}.AppStore|ARM.Deploy.0 = Release|ARM
		{7F52A8BE-9137-4899-A9AD-74924BEE2726}.AppStore|iPhone.ActiveCfg = Release|x86
		{7F52A8BE-9137-4899-A9AD-74924BEE2726}.AppStore|iPhone.Build.0 = Release|x86
		{7F52A8BE-9137-4899-A9AD-74924BEE2726}.AppStore|iPhone.Deploy.0 = Release|x86
		{7F52A8BE-9137-4899-A9AD-74924BEE2726}.AppStore|iPhoneSimulator.ActiveCfg = Release|x86
		{7F52A8BE-9137-4899-A9AD-74924BEE2726}.AppStore|iPhoneSimulator.Build.0 = Release|x86
		{7F52A8BE-9137-4899-A9AD-74924BEE2726}.AppStore|iPhoneSimulator.Deploy.0 = Release|x86
		{7F52A8BE-9137-4899-A9AD-74924BEE2726}.AppStore|x64.ActiveCfg = Release|x64
		{7F52A8BE-9137-4899-A9AD-74924BEE2726}.AppStore|x64.Build.0 = Release|x64
		{7F52A8BE-9137-4899-A9AD-74924BEE2726}.AppStore|x64.Deploy.0 = Release|x64
		{7F52A8BE-9137-4899-A9AD-74924BEE2726}.AppStore|x86.ActiveCfg = Release|x86
		{7F52A8BE-9137-4899-A9AD-74924BEE2726}.AppStore|x86.Build.0 = Release|x86
		{7F52A8BE-9137-4899-A9AD-74924BEE2726}.AppStore|x86.Deploy.0 = Release|x86
		{7F52A8BE-9137-4899-A9AD-74924BEE2726}.Debug|Any CPU.ActiveCfg = Debug|x86
		{7F52A8BE-9137-4899-A9AD-74924BEE2726}.Debug|ARM.ActiveCfg = Debug|ARM
		{7F52A8BE-9137-4899-A9AD-74924BEE2726}.Debug|ARM.Build.0 = Debug|ARM
		{7F52A8BE-9137-4899-A9AD-74924BEE2726}.Debug|ARM.Deploy.0 = Debug|ARM
		{7F52A8BE-9137-4899-A9AD-74924BEE2726}.Debug|iPhone.ActiveCfg = Debug|x86
		{7F52A8BE-9137-4899-A9AD-74924BEE2726}.Debug|iPhoneSimulator.ActiveCfg = Debug|x86
		{7F52A8BE-9137-4899-A9AD-74924BEE2726}.Debug|x64.ActiveCfg = Debug|x64
		{7F52A8BE-9137-4899-A9AD-74924BEE2726}.Debug|x64.Build.0 = Debug|x64
		{7F52A8BE-9137-4899-A9AD-74924BEE2726}.Debug|x64.Deploy.0 = Debug|x64
		{7F52A8BE-9137-4899-A9AD-74924BEE2726}.Debug|x86.ActiveCfg = Debug|x86
		{7F52A8BE-9137-4899-A9AD-74924BEE2726}.Debug|x86.Build.0 = Debug|x86
		{7F52A8BE-9137-4899-A9AD-74924BEE2726}.Debug|x86.Deploy.0 = Debug|x86
		{7F52A8BE-9137-4899-A9AD-74924BEE2726}.Release|Any CPU.ActiveCfg = Release|x86
		{7F52A8BE-9137-4899-A9AD-74924BEE2726}.Release|ARM.ActiveCfg = Release|ARM
		{7F52A8BE-9137-4899-A9AD-74924BEE2726}.Release|ARM.Build.0 = Release|ARM
		{7F52A8BE-9137-4899-A9AD-74924BEE2726}.Release|ARM.Deploy.0 = Release|ARM
		{7F52A8BE-9137-4899-A9AD-74924BEE2726}.Release|iPhone.ActiveCfg = Release|x86
		{7F52A8BE-9137-4899-A9AD-74924BEE2726}.Release|iPhoneSimulator.ActiveCfg = Release|x86
		{7F52A8BE-9137-4899-A9AD-74924BEE2726}.Release|x64.ActiveCfg = Release|x64
		{7F52A8BE-9137-4899-A9AD-74924BEE2726}.Release|x64.Build.0 = Release|x64
		{7F52A8BE-9137-4899-A9AD-74924BEE2726}.Release|x64.Deploy.0 = Release|x64
		{7F52A8BE-9137-4899-A9AD-74924BEE2726}.Release|x86.ActiveCfg = Release|x86
		{7F52A8BE-9137-4899-A9AD-74924BEE2726}.Release|x86.Build.0 = Release|x86
		{7F52A8BE-9137-4899-A9AD-74924BEE2726}.Release|x86.Deploy.0 = Release|x86
		{F68C2115-429A-4E0F-B8E9-76EB0BE28CC2}.Ad-Hoc|Any CPU.ActiveCfg = Ad-Hoc|iPhone
		{F68C2115-429A-4E0F-B8E9-76EB0BE28CC2}.Ad-Hoc|ARM.ActiveCfg = Ad-Hoc|iPhone
		{F68C2115-429A-4E0F-B8E9-76EB0BE28CC2}.Ad-Hoc|iPhone.ActiveCfg = Ad-Hoc|iPhone
		{F68C2115-429A-4E0F-B8E9-76EB0BE28CC2}.Ad-Hoc|iPhone.Build.0 = Ad-Hoc|iPhone
		{F68C2115-429A-4E0F-B8E9-76EB0BE28CC2}.Ad-Hoc|iPhoneSimulator.ActiveCfg = Ad-Hoc|iPhoneSimulator
		{F68C2115-429A-4E0F-B8E9-76EB0BE28CC2}.Ad-Hoc|iPhoneSimulator.Build.0 = Ad-Hoc|iPhoneSimulator
		{F68C2115-429A-4E0F-B8E9-76EB0BE28CC2}.Ad-Hoc|x64.ActiveCfg = Ad-Hoc|iPhone
		{F68C2115-429A-4E0F-B8E9-76EB0BE28CC2}.Ad-Hoc|x86.ActiveCfg = Ad-Hoc|iPhone
		{F68C2115-429A-4E0F-B8E9-76EB0BE28CC2}.AppStore|Any CPU.ActiveCfg = AppStore|iPhone
		{F68C2115-429A-4E0F-B8E9-76EB0BE28CC2}.AppStore|ARM.ActiveCfg = AppStore|iPhone
		{F68C2115-429A-4E0F-B8E9-76EB0BE28CC2}.AppStore|iPhone.ActiveCfg = AppStore|iPhone
		{F68C2115-429A-4E0F-B8E9-76EB0BE28CC2}.AppStore|iPhone.Build.0 = AppStore|iPhone
		{F68C2115-429A-4E0F-B8E9-76EB0BE28CC2}.AppStore|iPhoneSimulator.ActiveCfg = AppStore|iPhoneSimulator
		{F68C2115-429A-4E0F-B8E9-76EB0BE28CC2}.AppStore|iPhoneSimulator.Build.0 = AppStore|iPhoneSimulator
		{F68C2115-429A-4E0F-B8E9-76EB0BE28CC2}.AppStore|x64.ActiveCfg = AppStore|iPhone
		{F68C2115-429A-4E0F-B8E9-76EB0BE28CC2}.AppStore|x86.ActiveCfg = AppStore|iPhone
		{F68C2115-429A-4E0F-B8E9-76EB0BE28CC2}.Debug|Any CPU.ActiveCfg = Debug|iPhone
		{F68C2115-429A-4E0F-B8E9-76EB0BE28CC2}.Debug|ARM.ActiveCfg = Debug|iPhone
		{F68C2115-429A-4E0F-B8E9-76EB0BE28CC2}.Debug|iPhone.ActiveCfg = Debug|iPhone
		{F68C2115-429A-4E0F-B8E9-76EB0BE28CC2}.Debug|iPhone.Build.0 = Debug|iPhone
		{F68C2115-429A-4E0F-B8E9-76EB0BE28CC2}.Debug|iPhoneSimulator.ActiveCfg = Debug|iPhoneSimulator
		{F68C2115-429A-4E0F-B8E9-76EB0BE28CC2}.Debug|iPhoneSimulator.Build.0 = Debug|iPhoneSimulator
		{F68C2115-429A-4E0F-B8E9-76EB0BE28CC2}.Debug|x64.ActiveCfg = Debug|iPhone
		{F68C2115-429A-4E0F-B8E9-76EB0BE28CC2}.Debug|x86.ActiveCfg = Debug|iPhone
		{F68C2115-429A-4E0F-B8E9-76EB0BE28CC2}.Release|Any CPU.ActiveCfg = Release|iPhone
		{F68C2115-429A-4E0F-B8E9-76EB0BE28CC2}.Release|ARM.ActiveCfg = Release|iPhone
		{F68C2115-429A-4E0F-B8E9-76EB0BE28CC2}.Release|iPhone.ActiveCfg = Release|iPhone
		{F68C2115-429A-4E0F-B8E9-76EB0BE28CC2}.Release|iPhone.Build.0 = Release|iPhone
		{F68C2115-429A-4E0F-B8E9-76EB0BE28CC2}.Release|iPhoneSimulator.ActiveCfg = Release|iPhoneSimulator
		{F68C2115-429A-4E0F-B8E9-76EB0BE28CC2}.Release|iPhoneSimulator.Build.0 = Release|iPhoneSimulator
		{F68C2115-429A-4E0F-B8E9-76EB0BE28CC2}.Release|x64.ActiveCfg = Release|iPhone
		{F68C2115-429A-4E0F-B8E9-76EB0BE28CC2}.Release|x86.ActiveCfg = Release|iPhone
	EndGlobalSection
	GlobalSection(SolutionProperties) = preSolution
		HideSolutionNode = FALSE
	EndGlobalSection
EndGlobal
