
Microsoft Visual Studio Solution File, Format Version 12.00
# Visual Studio 15
VisualStudioVersion = 15.0.27703.2026
MinimumVisualStudioVersion = 10.0.40219.1
Project("{FAE04EC0-301F-11D3-BF4B-00C04F79EFBC}") = "WindowsFormsApp1", "WindowsFormsApp1\WindowsFormsApp1.csproj", "{230ABE18-DF6D-4C3D-8562-8D9C350B37C3}"
EndProject
Global
	GlobalSection(SolutionConfigurationPlatforms) = preSolution
		Debug|Any CPU = Debug|Any CPU
		Release|Any CPU = Release|Any CPU
	EndGlobalSection
	GlobalSection(ProjectConfigurationPlatforms) = postSolution
		{230ABE18-DF6D-4C3D-8562-8D9C350B37C3}.Debug|Any CPU.ActiveCfg = Debug|Any CPU
		{230ABE18-DF6D-4C3D-8562-8D9C350B37C3}.Debug|Any CPU.Build.0 = Debug|Any CPU
		{230ABE18-DF6D-4C3D-8562-8D9C350B37C3}.Release|Any CPU.ActiveCfg = Release|Any CPU
		{230ABE18-DF6D-4C3D-8562-8D9C350B37C3}.Release|Any CPU.Build.0 = Release|Any CPU
	EndGlobalSection
	GlobalSection(SolutionProperties) = preSolution
		HideSolutionNode = FALSE
	EndGlobalSection
	GlobalSection(ExtensibilityGlobals) = postSolution
		SolutionGuid = {F105E171-DC00-45E7-86B5-FB9FF01B8952}
	EndGlobalSection
EndGlobal
