
Microsoft Visual Studio Solution File, Format Version 12.00
# Visual Studio 2012
Project("{FAE04EC0-301F-11D3-BF4B-00C04F79EFBC}") = "SimplexDemenchuk", "SimplexDemenchuk\SimplexDemenchuk.csproj", "{27A6B84F-C9AC-4E15-B32D-CE2B92FBB03C}"
EndProject
Global
	GlobalSection(SolutionConfigurationPlatforms) = preSolution
		Debug|Any CPU = Debug|Any CPU
		Release|Any CPU = Release|Any CPU
	EndGlobalSection
	GlobalSection(ProjectConfigurationPlatforms) = postSolution
		{27A6B84F-C9AC-4E15-B32D-CE2B92FBB03C}.Debug|Any CPU.ActiveCfg = Debug|Any CPU
		{27A6B84F-C9AC-4E15-B32D-CE2B92FBB03C}.Debug|Any CPU.Build.0 = Debug|Any CPU
		{27A6B84F-C9AC-4E15-B32D-CE2B92FBB03C}.Release|Any CPU.ActiveCfg = Release|Any CPU
		{27A6B84F-C9AC-4E15-B32D-CE2B92FBB03C}.Release|Any CPU.Build.0 = Release|Any CPU
	EndGlobalSection
EndGlobal
