
Microsoft Visual Studio Solution File, Format Version 12.00
# Visual Studio 15
VisualStudioVersion = 15.0.27703.2026
MinimumVisualStudioVersion = 10.0.40219.1
Project("{FAE04EC0-301F-11D3-BF4B-00C04F79EFBC}") = "Delegate4", "Delegate4\Delegate4.csproj", "{13A93463-D14B-4BB2-9337-71A111110F98}"
EndProject
Global
	GlobalSection(SolutionConfigurationPlatforms) = preSolution
		Debug|Any CPU = Debug|Any CPU
		Release|Any CPU = Release|Any CPU
	EndGlobalSection
	GlobalSection(ProjectConfigurationPlatforms) = postSolution
		{13A93463-D14B-4BB2-9337-71A111110F98}.Debug|Any CPU.ActiveCfg = Debug|Any CPU
		{13A93463-D14B-4BB2-9337-71A111110F98}.Debug|Any CPU.Build.0 = Debug|Any CPU
		{13A93463-D14B-4BB2-9337-71A111110F98}.Release|Any CPU.ActiveCfg = Release|Any CPU
		{13A93463-D14B-4BB2-9337-71A111110F98}.Release|Any CPU.Build.0 = Release|Any CPU
	EndGlobalSection
	GlobalSection(SolutionProperties) = preSolution
		HideSolutionNode = FALSE
	EndGlobalSection
	GlobalSection(ExtensibilityGlobals) = postSolution
		SolutionGuid = {732D4CCE-AD26-4550-96E0-8809F1061BA0}
	EndGlobalSection
EndGlobal
