
Microsoft Visual Studio Solution File, Format Version 12.00
# Visual Studio 2012
Project("{FAE04EC0-301F-11D3-BF4B-00C04F79EFBC}") = "DelegateGenericExample", "DelegateGenericExample\DelegateGenericExample.csproj", "{991032D5-9B8C-4292-ABDC-0AE8892F9CEB}"
EndProject
Global
	GlobalSection(SolutionConfigurationPlatforms) = preSolution
		Debug|Any CPU = Debug|Any CPU
		Release|Any CPU = Release|Any CPU
	EndGlobalSection
	GlobalSection(ProjectConfigurationPlatforms) = postSolution
		{991032D5-9B8C-4292-ABDC-0AE8892F9CEB}.Debug|Any CPU.ActiveCfg = Debug|Any CPU
		{991032D5-9B8C-4292-ABDC-0AE8892F9CEB}.Debug|Any CPU.Build.0 = Debug|Any CPU
		{991032D5-9B8C-4292-ABDC-0AE8892F9CEB}.Release|Any CPU.ActiveCfg = Release|Any CPU
		{991032D5-9B8C-4292-ABDC-0AE8892F9CEB}.Release|Any CPU.Build.0 = Release|Any CPU
	EndGlobalSection
EndGlobal
